// !$*UTF8*$!
{
	archiveVersion = 1;
	classes = {
	};
	objectVersion = 46;
	objects = {

/* Begin PBXBuildFile section */
		026CCF569A2125FCB0EE8F152731259E /* NSObject+MJClass.m in Sources */ = {isa = PBXBuildFile; fileRef = 97BAECD5242580A89419C4A619C6D61A /* NSObject+MJClass.m */; };
		0358B918CA8C9D3C214FD4D41CD69A90 /* Security.framework in Frameworks */ = {isa = PBXBuildFile; fileRef = 61C4A7E3196C650EA61C581A9C50443F /* Security.framework */; };
		045FFEDD819A734271DD5DE53C877884 /* CoreGraphics.framework in Frameworks */ = {isa = PBXBuildFile; fileRef = 57557AADB39562ED0649CEC450FDB953 /* CoreGraphics.framework */; };
		0A08FC71C4E3B8E0F8734BCDA7CCA7CB /* AFNetworking.h in Headers */ = {isa = PBXBuildFile; fileRef = E8CD0CBB8EC618BC5190FEC7FCDEA6AF /* AFNetworking.h */; settings = {ATTRIBUTES = (Public, ); }; };
		0F7EC02E944F8719A5EBDC9D29F9E99F /* MJExtensionConst.h in Headers */ = {isa = PBXBuildFile; fileRef = 08E5D8EF7604D66068C7E2DD72DFF364 /* MJExtensionConst.h */; settings = {ATTRIBUTES = (Public, ); }; };
		103324C1D6A578C9AC4FBD4B495F5517 /* YYDiskCache.h in Headers */ = {isa = PBXBuildFile; fileRef = 811CDEA387F3D3236C684C20EC2118DE /* YYDiskCache.h */; settings = {ATTRIBUTES = (Public, ); }; };
		118227C43F283C87130BEE2BFABC7EBD /* NSObject+MJCoding.h in Headers */ = {isa = PBXBuildFile; fileRef = AAC17397CC1592A41AB4797D3091BEDC /* NSObject+MJCoding.h */; settings = {ATTRIBUTES = (Public, ); }; };
		1236D1980C331380B2A04EB188CE56BB /* Foundation.framework in Frameworks */ = {isa = PBXBuildFile; fileRef = 2E14220E711DB5EDC6B54C786C7CE773 /* Foundation.framework */; };
		13695CE9BF36F26CA806C5CD2D6ADECA /* MJFoundation.h in Headers */ = {isa = PBXBuildFile; fileRef = B15428BA9051106474017D12F5DE69EB /* MJFoundation.h */; settings = {ATTRIBUTES = (Public, ); }; };
		14CD3DFB4A25BAEFB205730FA6750025 /* AFAutoPurgingImageCache.m in Sources */ = {isa = PBXBuildFile; fileRef = 402622DB9A01B81607284F0A9AF7DEE0 /* AFAutoPurgingImageCache.m */; };
		15460ABD372C937E2A07A2FCDF98C473 /* UIActivityIndicatorView+AFNetworking.m in Sources */ = {isa = PBXBuildFile; fileRef = 462605EC50D29C6A51D3CED71ED477B0 /* UIActivityIndicatorView+AFNetworking.m */; };
		1620F6D1C9E76479EEABCADEBE9267E2 /* YYMemoryCache.h in Headers */ = {isa = PBXBuildFile; fileRef = F8454763F9AC7829DE9581B0637F3BC7 /* YYMemoryCache.h */; settings = {ATTRIBUTES = (Public, ); }; };
		17912D9A89FC36E82029409E9B74A61A /* MobileCoreServices.framework in Frameworks */ = {isa = PBXBuildFile; fileRef = FADB24707986975C681D133709E6C84F /* MobileCoreServices.framework */; };
		19E6319F6ECED7539AABBD9A211F7AEC /* AFAutoPurgingImageCache.h in Headers */ = {isa = PBXBuildFile; fileRef = 49F230DF9C44D57352F9EFF3A1A8106D /* AFAutoPurgingImageCache.h */; settings = {ATTRIBUTES = (Public, ); }; };
		23415204AA48A02959E4E5245CF96037 /* AFHTTPSessionManager.m in Sources */ = {isa = PBXBuildFile; fileRef = C9319A8F426075CBD8FD50AE939FEB84 /* AFHTTPSessionManager.m */; };
		2359387620C5E815BF0594BC40311734 /* AFURLRequestSerialization.h in Headers */ = {isa = PBXBuildFile; fileRef = CAACA599F8B4A5D3990E34A5F7164662 /* AFURLRequestSerialization.h */; settings = {ATTRIBUTES = (Public, ); }; };
		23A5E9271CBCDBB4F63A7651AF41FB35 /* YYKVStorage.m in Sources */ = {isa = PBXBuildFile; fileRef = 38318CC718A9964A032AA0847005C955 /* YYKVStorage.m */; };
		26D1B4E9A5BC818E2ED741F71D9E411D /* PPNetworkHelper.m in Sources */ = {isa = PBXBuildFile; fileRef = 6A5113FF1AC20F5F872887B8E69D1DC5 /* PPNetworkHelper.m */; };
		29E12145C90864E123852734636E1AEA /* PPNetworkCache.h in Headers */ = {isa = PBXBuildFile; fileRef = 604A4C3D56FDF7D6FBEE515157A153D9 /* PPNetworkCache.h */; settings = {ATTRIBUTES = (Public, ); }; };
		2CC27528C64733F5C0AB4B1B6EE35E8C /* MJExtension-dummy.m in Sources */ = {isa = PBXBuildFile; fileRef = 7870BA37291C39680526AB6E56C96EE0 /* MJExtension-dummy.m */; };
		30DA0B928C8F28E3C3F279C3833458A0 /* Foundation.framework in Frameworks */ = {isa = PBXBuildFile; fileRef = 2E14220E711DB5EDC6B54C786C7CE773 /* Foundation.framework */; };
		311E5200832E4AE174A193851A2C6317 /* AFSecurityPolicy.m in Sources */ = {isa = PBXBuildFile; fileRef = 7F1A677C4D58ABBF232AFD89F0C3ED8C /* AFSecurityPolicy.m */; };
		326A543AD4E39A2DAECA1CD385E3AEA2 /* AFImageDownloader.h in Headers */ = {isa = PBXBuildFile; fileRef = 2E14A2E984A79E10D7ABA23E1C9C42EF /* AFImageDownloader.h */; settings = {ATTRIBUTES = (Public, ); }; };
		34296B1D716C4595E66F4C6A21F85C3A /* YYCache-dummy.m in Sources */ = {isa = PBXBuildFile; fileRef = FBB5062E7DA3FADFAE540B5090F6BED7 /* YYCache-dummy.m */; };
		3511AE7ADBB71D05565854F0E70B7D08 /* AFURLSessionManager.h in Headers */ = {isa = PBXBuildFile; fileRef = 5851482FBE15AB7221F1A9527DE9558C /* AFURLSessionManager.h */; settings = {ATTRIBUTES = (Public, ); }; };
		366A613AE07EAA35B5789F6123FB48AF /* MJPropertyKey.h in Headers */ = {isa = PBXBuildFile; fileRef = ECA3B25D7E3F17EBFAB64C5D7F7F8726 /* MJPropertyKey.h */; settings = {ATTRIBUTES = (Public, ); }; };
		38EEA9ED6B922946C54AD6BAC93B73AD /* UIProgressView+AFNetworking.m in Sources */ = {isa = PBXBuildFile; fileRef = 5D05F78EDC78CC875561D7BFE82DD88B /* UIProgressView+AFNetworking.m */; };
		3939531EB270B4145C7ADFBAB2E5695F /* AFNetworkActivityIndicatorManager.h in Headers */ = {isa = PBXBuildFile; fileRef = E4547E62A626480536D330229B96C77B /* AFNetworkActivityIndicatorManager.h */; settings = {ATTRIBUTES = (Public, ); }; };
		40B49DB80322AB0C5E88BF6058A9CBF0 /* PPNetworkHelper.h in Headers */ = {isa = PBXBuildFile; fileRef = F1C7CBC153B28AC0DA7762A910EADC12 /* PPNetworkHelper.h */; settings = {ATTRIBUTES = (Public, ); }; };
		43098B12DF5546CB576986E68DBCAFCA /* AFNetworkReachabilityManager.m in Sources */ = {isa = PBXBuildFile; fileRef = 88029D1F44D8D3650AAB2DB76F75A68E /* AFNetworkReachabilityManager.m */; };
		4330562BA1A299CBD37F4602B1A4C95A /* NSObject+MJKeyValue.h in Headers */ = {isa = PBXBuildFile; fileRef = 008742D39C292A511FF3D80C549744BE /* NSObject+MJKeyValue.h */; settings = {ATTRIBUTES = (Public, ); }; };
		476804E54CD1767E0FFEBC9E6A9164CB /* YYCache.h in Headers */ = {isa = PBXBuildFile; fileRef = 7A270277EF1F3C73E3DA9BB00A7667C5 /* YYCache.h */; settings = {ATTRIBUTES = (Public, ); }; };
		49712A3C14C9F2BE71EDFEE79A37DD7C /* Foundation.framework in Frameworks */ = {isa = PBXBuildFile; fileRef = 2E14220E711DB5EDC6B54C786C7CE773 /* Foundation.framework */; };
		4BA19F7DD8F9FDA648137B2CE89E7588 /* AFNetworkActivityIndicatorManager.m in Sources */ = {isa = PBXBuildFile; fileRef = E96CEA09FB7CA480DC7BAE9A60EB73BE /* AFNetworkActivityIndicatorManager.m */; };
		4C61B999DF40B1B00449A7AFCBB61D5E /* MJPropertyType.m in Sources */ = {isa = PBXBuildFile; fileRef = 98C19BDA592740E6C2F49D6775EE50DE /* MJPropertyType.m */; };
		54E839CDB45951CA9A9BA96CA95E35EF /* PPNetworkHelper-dummy.m in Sources */ = {isa = PBXBuildFile; fileRef = 576E78DAEE30DAD1C657872BAD99AE9F /* PPNetworkHelper-dummy.m */; };
		5D52DB6DF2E6C24CECB0015A9177A2E1 /* UIProgressView+AFNetworking.h in Headers */ = {isa = PBXBuildFile; fileRef = C090B23669F5350E4D0AAE23F6235D05 /* UIProgressView+AFNetworking.h */; settings = {ATTRIBUTES = (Public, ); }; };
		64D361FCB49125C8770D8173026A7F2D /* UIKit.framework in Frameworks */ = {isa = PBXBuildFile; fileRef = 14EF65B5194287ABBC3F96B4D5A732A7 /* UIKit.framework */; };
		650FFDAF60A6C37D824BC6364B09A3E5 /* SystemConfiguration.framework in Frameworks */ = {isa = PBXBuildFile; fileRef = 86DCB603566A7F85391D9ECF436F0259 /* SystemConfiguration.framework */; };
		65ED43E8E96D716F4B3C93B112E8BE5B /* Foundation.framework in Frameworks */ = {isa = PBXBuildFile; fileRef = 2E14220E711DB5EDC6B54C786C7CE773 /* Foundation.framework */; };
		6EC97BDB3FC508526F9E388095A7DDCC /* UIImageView+AFNetworking.h in Headers */ = {isa = PBXBuildFile; fileRef = BE68061C13AE91441B5A35DF8D8D364E /* UIImageView+AFNetworking.h */; settings = {ATTRIBUTES = (Public, ); }; };
		710DA5E9C44A1BC56CD13FC1F2D6E099 /* MJFoundation.m in Sources */ = {isa = PBXBuildFile; fileRef = 856B0080CE90E1631691494D31D10C45 /* MJFoundation.m */; };
		78940A6980F359C4304C695EF6E67C5D /* UIButton+AFNetworking.m in Sources */ = {isa = PBXBuildFile; fileRef = 09500C16346C427D74B9008CA378E236 /* UIButton+AFNetworking.m */; };
		7F0578A0258E02384F6229C678E60D31 /* UIRefreshControl+AFNetworking.m in Sources */ = {isa = PBXBuildFile; fileRef = EE965DC7D92B60E97642F22F1E0ADDBB /* UIRefreshControl+AFNetworking.m */; };
		7F888E11DDABE7ADF8D5497627990084 /* YYKVStorage.h in Headers */ = {isa = PBXBuildFile; fileRef = DDE2F014C5C050253BCA651F8FFFE0FB /* YYKVStorage.h */; settings = {ATTRIBUTES = (Public, ); }; };
		830050886B18F54E17F117FD8EFC717B /* UIActivityIndicatorView+AFNetworking.h in Headers */ = {isa = PBXBuildFile; fileRef = FC908EA89BC4EF362DE225972BBAFDBA /* UIActivityIndicatorView+AFNetworking.h */; settings = {ATTRIBUTES = (Public, ); }; };
		834D27A5146D479D5D661A7EFE9C7AB7 /* YYDiskCache.m in Sources */ = {isa = PBXBuildFile; fileRef = 154797563BD4751A24AD24F78B711EE8 /* YYDiskCache.m */; };
		85FAB6F1D2FE0598BF2E61D7BB084B8D /* UIKit+AFNetworking.h in Headers */ = {isa = PBXBuildFile; fileRef = 8DAE8307106335B84139B9E1072A8BA6 /* UIKit+AFNetworking.h */; settings = {ATTRIBUTES = (Public, ); }; };
		86D3C675657C8AFE6F73E5D0F209E990 /* NSString+MJExtension.h in Headers */ = {isa = PBXBuildFile; fileRef = 6F69E54B507DEBDF24AD2CAC0FB77B60 /* NSString+MJExtension.h */; settings = {ATTRIBUTES = (Public, ); }; };
		8E82178CC9BD8BE3DBF2C10E33807AEB /* AFURLRequestSerialization.m in Sources */ = {isa = PBXBuildFile; fileRef = 7AB69EC5F7476D0533CB624AB319B259 /* AFURLRequestSerialization.m */; };
		91CAC2B69903F5F3D7C25A95CA77A600 /* MJPropertyType.h in Headers */ = {isa = PBXBuildFile; fileRef = 1EF7305C5105B1B40822EB9A95FD2F46 /* MJPropertyType.h */; settings = {ATTRIBUTES = (Public, ); }; };
		94A81EE54915679FB9040D189A1623E8 /* YYCache.m in Sources */ = {isa = PBXBuildFile; fileRef = AC4DF0DADFBB0CA1E7E9079228C5148B /* YYCache.m */; };
		A0AD231A11A54F59BC8D486946D2928B /* MJProperty.m in Sources */ = {isa = PBXBuildFile; fileRef = 9FCA7BDCAB14EE98935E2A5D947BF5DD /* MJProperty.m */; };
		A60A4B3054017180C0B6C7B24E651E0A /* MJPropertyKey.m in Sources */ = {isa = PBXBuildFile; fileRef = 72D3A86BB1AA424D99FE2347443926AE /* MJPropertyKey.m */; };
		A8FC6A53F6C1CB4DEFD972664E1AF3B1 /* AFNetworking-dummy.m in Sources */ = {isa = PBXBuildFile; fileRef = 2974A4A0152528383471C6940654ED55 /* AFNetworking-dummy.m */; };
		ACE9C1A6E8D5121C6C5F907C7A9CFCC9 /* UIRefreshControl+AFNetworking.h in Headers */ = {isa = PBXBuildFile; fileRef = D09CE948C9EB787DFAE8F93475ABB130 /* UIRefreshControl+AFNetworking.h */; settings = {ATTRIBUTES = (Public, ); }; };
		AD359A96DD4AA2C962E50A5CD5524F54 /* UIWebView+AFNetworking.m in Sources */ = {isa = PBXBuildFile; fileRef = 720889875DB17AF13166BCE2C60B9E42 /* UIWebView+AFNetworking.m */; };
		AD8E643E345B6CA5D0A6B45A3353ED1D /* Pods-netdemo1-dummy.m in Sources */ = {isa = PBXBuildFile; fileRef = 2C7023CD59F4269D335F65F268C776E8 /* Pods-netdemo1-dummy.m */; };
		B0BE398350F83A7B0102C3BBAFC51428 /* UIImageView+AFNetworking.m in Sources */ = {isa = PBXBuildFile; fileRef = B94387967D45152123AEF5DA944114ED /* UIImageView+AFNetworking.m */; };
		B51AA1F7701DCDBCC9B88A15320F9C2C /* AFURLResponseSerialization.h in Headers */ = {isa = PBXBuildFile; fileRef = 1A2172AA617BDBD74AB57AFFBB97FF17 /* AFURLResponseSerialization.h */; settings = {ATTRIBUTES = (Public, ); }; };
		B5CF67F7870BAB70A76E57479B706B42 /* UIWebView+AFNetworking.h in Headers */ = {isa = PBXBuildFile; fileRef = 0A485F40756B18D7B22CF2399C31AE26 /* UIWebView+AFNetworking.h */; settings = {ATTRIBUTES = (Public, ); }; };
		B653A263538AF989D9FA0D65034FC0B8 /* YYMemoryCache.m in Sources */ = {isa = PBXBuildFile; fileRef = AE36F007E24D5CE38F5385DE52873AFF /* YYMemoryCache.m */; };
		B9C36A50069E553B4B8538E291864BB5 /* NSObject+MJKeyValue.m in Sources */ = {isa = PBXBuildFile; fileRef = 7EAB199381AD03F7F74C378D784F652E /* NSObject+MJKeyValue.m */; };
		C16442D25F534C602780E6FD44C6A698 /* NSObject+MJProperty.h in Headers */ = {isa = PBXBuildFile; fileRef = DC0322C00BF537C4035335F13496BE7C /* NSObject+MJProperty.h */; settings = {ATTRIBUTES = (Public, ); }; };
		C1B65C3D849FEE4FB5298A8135A765DA /* UIImage+AFNetworking.h in Headers */ = {isa = PBXBuildFile; fileRef = 09CA5340EF2453B504489A214070B18B /* UIImage+AFNetworking.h */; settings = {ATTRIBUTES = (Public, ); }; };
		C2201E34603B014192F0967473518496 /* AFURLResponseSerialization.m in Sources */ = {isa = PBXBuildFile; fileRef = 43CFB260065174946F7613A21A2DD070 /* AFURLResponseSerialization.m */; };
		C37D2F9A62232C28DAF2E51CF1364F21 /* MJExtension.h in Headers */ = {isa = PBXBuildFile; fileRef = E941420F6FD997A18ED5A1A804033032 /* MJExtension.h */; settings = {ATTRIBUTES = (Public, ); }; };
		CA1EB1DB5C89E63A19ED05C55E35AF23 /* NSObject+MJClass.h in Headers */ = {isa = PBXBuildFile; fileRef = 649952F3C660077F5D04C5A664B8BBA7 /* NSObject+MJClass.h */; settings = {ATTRIBUTES = (Public, ); }; };
		CD4CF5F1389281BCE40DF30AD1945D03 /* NSObject+MJProperty.m in Sources */ = {isa = PBXBuildFile; fileRef = CC0834EE1A4B5C109DBCBAEEB09AF27E /* NSObject+MJProperty.m */; };
		CDA4DB994BAC351F4CD71EC283055E57 /* NSObject+MJCoding.m in Sources */ = {isa = PBXBuildFile; fileRef = B01459018E9512E0004E8B12B8401F61 /* NSObject+MJCoding.m */; };
		D1D1F11808DACCA88C55636F85A58FD8 /* NSString+MJExtension.m in Sources */ = {isa = PBXBuildFile; fileRef = 388DBFC691335E589D2481E4D10DA238 /* NSString+MJExtension.m */; };
		D31FEE51AF4BE2A6CC059F80B983CD3B /* AFImageDownloader.m in Sources */ = {isa = PBXBuildFile; fileRef = CCE5A70D27A8775581C722B1F9A3B8E7 /* AFImageDownloader.m */; };
		DAF1CE8756287B465E0DE48A6133FB79 /* MJProperty.h in Headers */ = {isa = PBXBuildFile; fileRef = 3A40DE953C5A62029F2B9BC5B47347E4 /* MJProperty.h */; settings = {ATTRIBUTES = (Public, ); }; };
		DFDAC8245626953C4BCE5A2DA6BE2A5B /* AFSecurityPolicy.h in Headers */ = {isa = PBXBuildFile; fileRef = 25AAF61197AAC3BB35F9A68AF883804F /* AFSecurityPolicy.h */; settings = {ATTRIBUTES = (Public, ); }; };
		E212C2AA95E8F6EFB69A5F1455F291F8 /* UIButton+AFNetworking.h in Headers */ = {isa = PBXBuildFile; fileRef = F0BF49F5F59521A79846EF47C6F5355D /* UIButton+AFNetworking.h */; settings = {ATTRIBUTES = (Public, ); }; };
		E9F9D64EBAF1870AD70420D62B444EE9 /* CoreFoundation.framework in Frameworks */ = {isa = PBXBuildFile; fileRef = 82625DBAD63445406C4163264D30430E /* CoreFoundation.framework */; };
		ED69D9B5A342FE9BD3F170D5CDDEC948 /* AFNetworkReachabilityManager.h in Headers */ = {isa = PBXBuildFile; fileRef = 1BBF58D8A36945AB5799DEA46158D1D7 /* AFNetworkReachabilityManager.h */; settings = {ATTRIBUTES = (Public, ); }; };
		F01C388D0D9C2E0B84DF977B991D6493 /* Foundation.framework in Frameworks */ = {isa = PBXBuildFile; fileRef = 2E14220E711DB5EDC6B54C786C7CE773 /* Foundation.framework */; };
		F0410A7599F45E0DD4183B4DA7DE4067 /* QuartzCore.framework in Frameworks */ = {isa = PBXBuildFile; fileRef = AEB56210742A414B7AC3AEE132DCF83D /* QuartzCore.framework */; };
		F3774B1449FCE5B3CA3E1B336E11D284 /* AFHTTPSessionManager.h in Headers */ = {isa = PBXBuildFile; fileRef = E7C1C5D574FEC0D978DFCD2CF76187DB /* AFHTTPSessionManager.h */; settings = {ATTRIBUTES = (Public, ); }; };
		FCDDD3BC67EA205C87238A2A87D5C36C /* AFURLSessionManager.m in Sources */ = {isa = PBXBuildFile; fileRef = F495615FA7B415AAD2DF6886786C73D1 /* AFURLSessionManager.m */; };
		FCED72F5909CC2068B59B01A293FCA39 /* PPNetworkCache.m in Sources */ = {isa = PBXBuildFile; fileRef = ADCC8C347907A2C4C392B6E5D409CAE7 /* PPNetworkCache.m */; };
		FDF30F97BDF167F0B956DED0F2C8DA69 /* MJExtensionConst.m in Sources */ = {isa = PBXBuildFile; fileRef = 50C49017DE4D8F97E3A061F7364AA05A /* MJExtensionConst.m */; };
/* End PBXBuildFile section */

/* Begin PBXContainerItemProxy section */
		3E22BFD7A85AE924EAE74C3619046BA0 /* PBXContainerItemProxy */ = {
			isa = PBXContainerItemProxy;
			containerPortal = D41D8CD98F00B204E9800998ECF8427E /* Project object */;
			proxyType = 1;
			remoteGlobalIDString = BF28721BD10BF6B6EA4C5BCF7ECB32D3;
			remoteInfo = PPNetworkHelper;
		};
		49B6622718E038FD2A3CBF64ABABC703 /* PBXContainerItemProxy */ = {
			isa = PBXContainerItemProxy;
			containerPortal = D41D8CD98F00B204E9800998ECF8427E /* Project object */;
			proxyType = 1;
			remoteGlobalIDString = 9EAB3E42EF957541E6C3C76D35FD008E;
			remoteInfo = MJExtension;
		};
		53736F4CBAFF7534A57E546F809B0C9A /* PBXContainerItemProxy */ = {
			isa = PBXContainerItemProxy;
			containerPortal = D41D8CD98F00B204E9800998ECF8427E /* Project object */;
			proxyType = 1;
			remoteGlobalIDString = 84EFE83F669ADA92DA1F46257C867C0B;
			remoteInfo = YYCache;
		};
		6765841060CBCC0B7EC598F0B5EFD5FB /* PBXContainerItemProxy */ = {
			isa = PBXContainerItemProxy;
			containerPortal = D41D8CD98F00B204E9800998ECF8427E /* Project object */;
			proxyType = 1;
			remoteGlobalIDString = 84EFE83F669ADA92DA1F46257C867C0B;
			remoteInfo = YYCache;
		};
		689D33DE8A0B641F884030F925633292 /* PBXContainerItemProxy */ = {
			isa = PBXContainerItemProxy;
			containerPortal = D41D8CD98F00B204E9800998ECF8427E /* Project object */;
			proxyType = 1;
			remoteGlobalIDString = 928353533005A4198EBDA5B700D37B64;
			remoteInfo = AFNetworking;
		};
		EFC4DEA4345348B9BB4556EE6F0AEA35 /* PBXContainerItemProxy */ = {
			isa = PBXContainerItemProxy;
			containerPortal = D41D8CD98F00B204E9800998ECF8427E /* Project object */;
			proxyType = 1;
			remoteGlobalIDString = 928353533005A4198EBDA5B700D37B64;
			remoteInfo = AFNetworking;
		};
/* End PBXContainerItemProxy section */

/* Begin PBXFileReference section */
		008742D39C292A511FF3D80C549744BE /* NSObject+MJKeyValue.h */ = {isa = PBXFileReference; includeInIndex = 1; lastKnownFileType = sourcecode.c.h; name = "NSObject+MJKeyValue.h"; path = "MJExtension/NSObject+MJKeyValue.h"; sourceTree = "<group>"; };
		08E5D8EF7604D66068C7E2DD72DFF364 /* MJExtensionConst.h */ = {isa = PBXFileReference; includeInIndex = 1; lastKnownFileType = sourcecode.c.h; name = MJExtensionConst.h; path = MJExtension/MJExtensionConst.h; sourceTree = "<group>"; };
		09500C16346C427D74B9008CA378E236 /* UIButton+AFNetworking.m */ = {isa = PBXFileReference; includeInIndex = 1; lastKnownFileType = sourcecode.c.objc; name = "UIButton+AFNetworking.m"; path = "UIKit+AFNetworking/UIButton+AFNetworking.m"; sourceTree = "<group>"; };
		09CA5340EF2453B504489A214070B18B /* UIImage+AFNetworking.h */ = {isa = PBXFileReference; includeInIndex = 1; lastKnownFileType = sourcecode.c.h; name = "UIImage+AFNetworking.h"; path = "UIKit+AFNetworking/UIImage+AFNetworking.h"; sourceTree = "<group>"; };
		0A485F40756B18D7B22CF2399C31AE26 /* UIWebView+AFNetworking.h */ = {isa = PBXFileReference; includeInIndex = 1; lastKnownFileType = sourcecode.c.h; name = "UIWebView+AFNetworking.h"; path = "UIKit+AFNetworking/UIWebView+AFNetworking.h"; sourceTree = "<group>"; };
		12FD4E40DAE0957BB77151A3B6F7A903 /* Pods-netdemo1.debug.xcconfig */ = {isa = PBXFileReference; includeInIndex = 1; lastKnownFileType = text.xcconfig; path = "Pods-netdemo1.debug.xcconfig"; sourceTree = "<group>"; };
		14EF65B5194287ABBC3F96B4D5A732A7 /* UIKit.framework */ = {isa = PBXFileReference; lastKnownFileType = wrapper.framework; name = UIKit.framework; path = Platforms/iPhoneOS.platform/Developer/SDKs/iPhoneOS9.3.sdk/System/Library/Frameworks/UIKit.framework; sourceTree = DEVELOPER_DIR; };
		154797563BD4751A24AD24F78B711EE8 /* YYDiskCache.m */ = {isa = PBXFileReference; includeInIndex = 1; lastKnownFileType = sourcecode.c.objc; name = YYDiskCache.m; path = YYCache/YYDiskCache.m; sourceTree = "<group>"; };
		1A2172AA617BDBD74AB57AFFBB97FF17 /* AFURLResponseSerialization.h */ = {isa = PBXFileReference; includeInIndex = 1; lastKnownFileType = sourcecode.c.h; name = AFURLResponseSerialization.h; path = AFNetworking/AFURLResponseSerialization.h; sourceTree = "<group>"; };
		1BBF58D8A36945AB5799DEA46158D1D7 /* AFNetworkReachabilityManager.h */ = {isa = PBXFileReference; includeInIndex = 1; lastKnownFileType = sourcecode.c.h; name = AFNetworkReachabilityManager.h; path = AFNetworking/AFNetworkReachabilityManager.h; sourceTree = "<group>"; };
		1C090D051C54DAC64ACE1A0CF99FAB10 /* Pods-netdemo1-acknowledgements.plist */ = {isa = PBXFileReference; includeInIndex = 1; lastKnownFileType = text.plist.xml; path = "Pods-netdemo1-acknowledgements.plist"; sourceTree = "<group>"; };
		1EF7305C5105B1B40822EB9A95FD2F46 /* MJPropertyType.h */ = {isa = PBXFileReference; includeInIndex = 1; lastKnownFileType = sourcecode.c.h; name = MJPropertyType.h; path = MJExtension/MJPropertyType.h; sourceTree = "<group>"; };
		25AAF61197AAC3BB35F9A68AF883804F /* AFSecurityPolicy.h */ = {isa = PBXFileReference; includeInIndex = 1; lastKnownFileType = sourcecode.c.h; name = AFSecurityPolicy.h; path = AFNetworking/AFSecurityPolicy.h; sourceTree = "<group>"; };
		26B8CDD8096535269BEFBA527DE35CDC /* libPPNetworkHelper.a */ = {isa = PBXFileReference; explicitFileType = archive.ar; includeInIndex = 0; path = libPPNetworkHelper.a; sourceTree = BUILT_PRODUCTS_DIR; };
		2974A4A0152528383471C6940654ED55 /* AFNetworking-dummy.m */ = {isa = PBXFileReference; includeInIndex = 1; lastKnownFileType = sourcecode.c.objc; path = "AFNetworking-dummy.m"; sourceTree = "<group>"; };
		2C7023CD59F4269D335F65F268C776E8 /* Pods-netdemo1-dummy.m */ = {isa = PBXFileReference; includeInIndex = 1; lastKnownFileType = sourcecode.c.objc; path = "Pods-netdemo1-dummy.m"; sourceTree = "<group>"; };
		2E14220E711DB5EDC6B54C786C7CE773 /* Foundation.framework */ = {isa = PBXFileReference; lastKnownFileType = wrapper.framework; name = Foundation.framework; path = Platforms/iPhoneOS.platform/Developer/SDKs/iPhoneOS9.3.sdk/System/Library/Frameworks/Foundation.framework; sourceTree = DEVELOPER_DIR; };
		2E14A2E984A79E10D7ABA23E1C9C42EF /* AFImageDownloader.h */ = {isa = PBXFileReference; includeInIndex = 1; lastKnownFileType = sourcecode.c.h; name = AFImageDownloader.h; path = "UIKit+AFNetworking/AFImageDownloader.h"; sourceTree = "<group>"; };
		2F356FB72C9459245BE8EB181CDBC026 /* YYCache.xcconfig */ = {isa = PBXFileReference; includeInIndex = 1; lastKnownFileType = text.xcconfig; path = YYCache.xcconfig; sourceTree = "<group>"; };
		34BC2DE6E459DC739104401B78A404BF /* Pods-netdemo1-resources.sh */ = {isa = PBXFileReference; includeInIndex = 1; lastKnownFileType = text.script.sh; path = "Pods-netdemo1-resources.sh"; sourceTree = "<group>"; };
		38318CC718A9964A032AA0847005C955 /* YYKVStorage.m */ = {isa = PBXFileReference; includeInIndex = 1; lastKnownFileType = sourcecode.c.objc; name = YYKVStorage.m; path = YYCache/YYKVStorage.m; sourceTree = "<group>"; };
		388DBFC691335E589D2481E4D10DA238 /* NSString+MJExtension.m */ = {isa = PBXFileReference; includeInIndex = 1; lastKnownFileType = sourcecode.c.objc; name = "NSString+MJExtension.m"; path = "MJExtension/NSString+MJExtension.m"; sourceTree = "<group>"; };
		3A40DE953C5A62029F2B9BC5B47347E4 /* MJProperty.h */ = {isa = PBXFileReference; includeInIndex = 1; lastKnownFileType = sourcecode.c.h; name = MJProperty.h; path = MJExtension/MJProperty.h; sourceTree = "<group>"; };
		402622DB9A01B81607284F0A9AF7DEE0 /* AFAutoPurgingImageCache.m */ = {isa = PBXFileReference; includeInIndex = 1; lastKnownFileType = sourcecode.c.objc; name = AFAutoPurgingImageCache.m; path = "UIKit+AFNetworking/AFAutoPurgingImageCache.m"; sourceTree = "<group>"; };
		42A9830C6852C8DBDEB335F5FBEF038B /* MJExtension-prefix.pch */ = {isa = PBXFileReference; includeInIndex = 1; lastKnownFileType = sourcecode.c.h; path = "MJExtension-prefix.pch"; sourceTree = "<group>"; };
		43CFB260065174946F7613A21A2DD070 /* AFURLResponseSerialization.m */ = {isa = PBXFileReference; includeInIndex = 1; lastKnownFileType = sourcecode.c.objc; name = AFURLResponseSerialization.m; path = AFNetworking/AFURLResponseSerialization.m; sourceTree = "<group>"; };
		462605EC50D29C6A51D3CED71ED477B0 /* UIActivityIndicatorView+AFNetworking.m */ = {isa = PBXFileReference; includeInIndex = 1; lastKnownFileType = sourcecode.c.objc; name = "UIActivityIndicatorView+AFNetworking.m"; path = "UIKit+AFNetworking/UIActivityIndicatorView+AFNetworking.m"; sourceTree = "<group>"; };
		49F230DF9C44D57352F9EFF3A1A8106D /* AFAutoPurgingImageCache.h */ = {isa = PBXFileReference; includeInIndex = 1; lastKnownFileType = sourcecode.c.h; name = AFAutoPurgingImageCache.h; path = "UIKit+AFNetworking/AFAutoPurgingImageCache.h"; sourceTree = "<group>"; };
		50C49017DE4D8F97E3A061F7364AA05A /* MJExtensionConst.m */ = {isa = PBXFileReference; includeInIndex = 1; lastKnownFileType = sourcecode.c.objc; name = MJExtensionConst.m; path = MJExtension/MJExtensionConst.m; sourceTree = "<group>"; };
		57557AADB39562ED0649CEC450FDB953 /* CoreGraphics.framework */ = {isa = PBXFileReference; lastKnownFileType = wrapper.framework; name = CoreGraphics.framework; path = Platforms/iPhoneOS.platform/Developer/SDKs/iPhoneOS9.3.sdk/System/Library/Frameworks/CoreGraphics.framework; sourceTree = DEVELOPER_DIR; };
		576E78DAEE30DAD1C657872BAD99AE9F /* PPNetworkHelper-dummy.m */ = {isa = PBXFileReference; includeInIndex = 1; lastKnownFileType = sourcecode.c.objc; path = "PPNetworkHelper-dummy.m"; sourceTree = "<group>"; };
		5851482FBE15AB7221F1A9527DE9558C /* AFURLSessionManager.h */ = {isa = PBXFileReference; includeInIndex = 1; lastKnownFileType = sourcecode.c.h; name = AFURLSessionManager.h; path = AFNetworking/AFURLSessionManager.h; sourceTree = "<group>"; };
		5D05F78EDC78CC875561D7BFE82DD88B /* UIProgressView+AFNetworking.m */ = {isa = PBXFileReference; includeInIndex = 1; lastKnownFileType = sourcecode.c.objc; name = "UIProgressView+AFNetworking.m"; path = "UIKit+AFNetworking/UIProgressView+AFNetworking.m"; sourceTree = "<group>"; };
		604A4C3D56FDF7D6FBEE515157A153D9 /* PPNetworkCache.h */ = {isa = PBXFileReference; includeInIndex = 1; lastKnownFileType = sourcecode.c.h; name = PPNetworkCache.h; path = PPNetworkHelper/PPNetworkHelper/PPNetworkCache.h; sourceTree = "<group>"; };
		61C4A7E3196C650EA61C581A9C50443F /* Security.framework */ = {isa = PBXFileReference; lastKnownFileType = wrapper.framework; name = Security.framework; path = Platforms/iPhoneOS.platform/Developer/SDKs/iPhoneOS9.3.sdk/System/Library/Frameworks/Security.framework; sourceTree = DEVELOPER_DIR; };
		649952F3C660077F5D04C5A664B8BBA7 /* NSObject+MJClass.h */ = {isa = PBXFileReference; includeInIndex = 1; lastKnownFileType = sourcecode.c.h; name = "NSObject+MJClass.h"; path = "MJExtension/NSObject+MJClass.h"; sourceTree = "<group>"; };
		6A5113FF1AC20F5F872887B8E69D1DC5 /* PPNetworkHelper.m */ = {isa = PBXFileReference; includeInIndex = 1; lastKnownFileType = sourcecode.c.objc; name = PPNetworkHelper.m; path = PPNetworkHelper/PPNetworkHelper/PPNetworkHelper.m; sourceTree = "<group>"; };
		6F69E54B507DEBDF24AD2CAC0FB77B60 /* NSString+MJExtension.h */ = {isa = PBXFileReference; includeInIndex = 1; lastKnownFileType = sourcecode.c.h; name = "NSString+MJExtension.h"; path = "MJExtension/NSString+MJExtension.h"; sourceTree = "<group>"; };
		720889875DB17AF13166BCE2C60B9E42 /* UIWebView+AFNetworking.m */ = {isa = PBXFileReference; includeInIndex = 1; lastKnownFileType = sourcecode.c.objc; name = "UIWebView+AFNetworking.m"; path = "UIKit+AFNetworking/UIWebView+AFNetworking.m"; sourceTree = "<group>"; };
		72D3A86BB1AA424D99FE2347443926AE /* MJPropertyKey.m */ = {isa = PBXFileReference; includeInIndex = 1; lastKnownFileType = sourcecode.c.objc; name = MJPropertyKey.m; path = MJExtension/MJPropertyKey.m; sourceTree = "<group>"; };
		74841D7B4959DAC8DCFD4A2A89C5DE27 /* MJExtension.xcconfig */ = {isa = PBXFileReference; includeInIndex = 1; lastKnownFileType = text.xcconfig; path = MJExtension.xcconfig; sourceTree = "<group>"; };
		7870BA37291C39680526AB6E56C96EE0 /* MJExtension-dummy.m */ = {isa = PBXFileReference; includeInIndex = 1; lastKnownFileType = sourcecode.c.objc; path = "MJExtension-dummy.m"; sourceTree = "<group>"; };
		7A270277EF1F3C73E3DA9BB00A7667C5 /* YYCache.h */ = {isa = PBXFileReference; includeInIndex = 1; lastKnownFileType = sourcecode.c.h; name = YYCache.h; path = YYCache/YYCache.h; sourceTree = "<group>"; };
		7AB69EC5F7476D0533CB624AB319B259 /* AFURLRequestSerialization.m */ = {isa = PBXFileReference; includeInIndex = 1; lastKnownFileType = sourcecode.c.objc; name = AFURLRequestSerialization.m; path = AFNetworking/AFURLRequestSerialization.m; sourceTree = "<group>"; };
		7EAB199381AD03F7F74C378D784F652E /* NSObject+MJKeyValue.m */ = {isa = PBXFileReference; includeInIndex = 1; lastKnownFileType = sourcecode.c.objc; name = "NSObject+MJKeyValue.m"; path = "MJExtension/NSObject+MJKeyValue.m"; sourceTree = "<group>"; };
		7F1A677C4D58ABBF232AFD89F0C3ED8C /* AFSecurityPolicy.m */ = {isa = PBXFileReference; includeInIndex = 1; lastKnownFileType = sourcecode.c.objc; name = AFSecurityPolicy.m; path = AFNetworking/AFSecurityPolicy.m; sourceTree = "<group>"; };
		7F32109ED31960C74C19A4950B002E0E /* AFNetworking-prefix.pch */ = {isa = PBXFileReference; includeInIndex = 1; lastKnownFileType = sourcecode.c.h; path = "AFNetworking-prefix.pch"; sourceTree = "<group>"; };
		811CDEA387F3D3236C684C20EC2118DE /* YYDiskCache.h */ = {isa = PBXFileReference; includeInIndex = 1; lastKnownFileType = sourcecode.c.h; name = YYDiskCache.h; path = YYCache/YYDiskCache.h; sourceTree = "<group>"; };
		82625DBAD63445406C4163264D30430E /* CoreFoundation.framework */ = {isa = PBXFileReference; lastKnownFileType = wrapper.framework; name = CoreFoundation.framework; path = Platforms/iPhoneOS.platform/Developer/SDKs/iPhoneOS9.3.sdk/System/Library/Frameworks/CoreFoundation.framework; sourceTree = DEVELOPER_DIR; };
		856B0080CE90E1631691494D31D10C45 /* MJFoundation.m */ = {isa = PBXFileReference; includeInIndex = 1; lastKnownFileType = sourcecode.c.objc; name = MJFoundation.m; path = MJExtension/MJFoundation.m; sourceTree = "<group>"; };
		86DCB603566A7F85391D9ECF436F0259 /* SystemConfiguration.framework */ = {isa = PBXFileReference; lastKnownFileType = wrapper.framework; name = SystemConfiguration.framework; path = Platforms/iPhoneOS.platform/Developer/SDKs/iPhoneOS9.3.sdk/System/Library/Frameworks/SystemConfiguration.framework; sourceTree = DEVELOPER_DIR; };
		88029D1F44D8D3650AAB2DB76F75A68E /* AFNetworkReachabilityManager.m */ = {isa = PBXFileReference; includeInIndex = 1; lastKnownFileType = sourcecode.c.objc; name = AFNetworkReachabilityManager.m; path = AFNetworking/AFNetworkReachabilityManager.m; sourceTree = "<group>"; };
		8DAE8307106335B84139B9E1072A8BA6 /* UIKit+AFNetworking.h */ = {isa = PBXFileReference; includeInIndex = 1; lastKnownFileType = sourcecode.c.h; name = "UIKit+AFNetworking.h"; path = "UIKit+AFNetworking/UIKit+AFNetworking.h"; sourceTree = "<group>"; };
		93A4A3777CF96A4AAC1D13BA6DCCEA73 /* Podfile */ = {isa = PBXFileReference; explicitFileType = text.script.ruby; includeInIndex = 1; name = Podfile; path = ../Podfile; sourceTree = SOURCE_ROOT; xcLanguageSpecificationIdentifier = xcode.lang.ruby; };
		97BAECD5242580A89419C4A619C6D61A /* NSObject+MJClass.m */ = {isa = PBXFileReference; includeInIndex = 1; lastKnownFileType = sourcecode.c.objc; name = "NSObject+MJClass.m"; path = "MJExtension/NSObject+MJClass.m"; sourceTree = "<group>"; };
		98C19BDA592740E6C2F49D6775EE50DE /* MJPropertyType.m */ = {isa = PBXFileReference; includeInIndex = 1; lastKnownFileType = sourcecode.c.objc; name = MJPropertyType.m; path = MJExtension/MJPropertyType.m; sourceTree = "<group>"; };
		996FEE0BF1E34EB0F09A46952BCAEE84 /* Pods-netdemo1-frameworks.sh */ = {isa = PBXFileReference; includeInIndex = 1; lastKnownFileType = text.script.sh; path = "Pods-netdemo1-frameworks.sh"; sourceTree = "<group>"; };
		9DBCB099047C3E3D956B9687FE0113A3 /* libYYCache.a */ = {isa = PBXFileReference; explicitFileType = archive.ar; includeInIndex = 0; path = libYYCache.a; sourceTree = BUILT_PRODUCTS_DIR; };
		9FCA7BDCAB14EE98935E2A5D947BF5DD /* MJProperty.m */ = {isa = PBXFileReference; includeInIndex = 1; lastKnownFileType = sourcecode.c.objc; name = MJProperty.m; path = MJExtension/MJProperty.m; sourceTree = "<group>"; };
		AAC17397CC1592A41AB4797D3091BEDC /* NSObject+MJCoding.h */ = {isa = PBXFileReference; includeInIndex = 1; lastKnownFileType = sourcecode.c.h; name = "NSObject+MJCoding.h"; path = "MJExtension/NSObject+MJCoding.h"; sourceTree = "<group>"; };
		AC2BB743073EB713E0CB7BF830CE3A97 /* Pods-netdemo1.release.xcconfig */ = {isa = PBXFileReference; includeInIndex = 1; lastKnownFileType = text.xcconfig; path = "Pods-netdemo1.release.xcconfig"; sourceTree = "<group>"; };
		AC4DF0DADFBB0CA1E7E9079228C5148B /* YYCache.m */ = {isa = PBXFileReference; includeInIndex = 1; lastKnownFileType = sourcecode.c.objc; name = YYCache.m; path = YYCache/YYCache.m; sourceTree = "<group>"; };
		ADCC8C347907A2C4C392B6E5D409CAE7 /* PPNetworkCache.m */ = {isa = PBXFileReference; includeInIndex = 1; lastKnownFileType = sourcecode.c.objc; name = PPNetworkCache.m; path = PPNetworkHelper/PPNetworkHelper/PPNetworkCache.m; sourceTree = "<group>"; };
		AE36F007E24D5CE38F5385DE52873AFF /* YYMemoryCache.m */ = {isa = PBXFileReference; includeInIndex = 1; lastKnownFileType = sourcecode.c.objc; name = YYMemoryCache.m; path = YYCache/YYMemoryCache.m; sourceTree = "<group>"; };
		AEB56210742A414B7AC3AEE132DCF83D /* QuartzCore.framework */ = {isa = PBXFileReference; lastKnownFileType = wrapper.framework; name = QuartzCore.framework; path = Platforms/iPhoneOS.platform/Developer/SDKs/iPhoneOS9.3.sdk/System/Library/Frameworks/QuartzCore.framework; sourceTree = DEVELOPER_DIR; };
		B01459018E9512E0004E8B12B8401F61 /* NSObject+MJCoding.m */ = {isa = PBXFileReference; includeInIndex = 1; lastKnownFileType = sourcecode.c.objc; name = "NSObject+MJCoding.m"; path = "MJExtension/NSObject+MJCoding.m"; sourceTree = "<group>"; };
		B15428BA9051106474017D12F5DE69EB /* MJFoundation.h */ = {isa = PBXFileReference; includeInIndex = 1; lastKnownFileType = sourcecode.c.h; name = MJFoundation.h; path = MJExtension/MJFoundation.h; sourceTree = "<group>"; };
		B221E2D3AF962EDA878D571873032A5F /* libAFNetworking.a */ = {isa = PBXFileReference; explicitFileType = archive.ar; includeInIndex = 0; path = libAFNetworking.a; sourceTree = BUILT_PRODUCTS_DIR; };
		B94387967D45152123AEF5DA944114ED /* UIImageView+AFNetworking.m */ = {isa = PBXFileReference; includeInIndex = 1; lastKnownFileType = sourcecode.c.objc; name = "UIImageView+AFNetworking.m"; path = "UIKit+AFNetworking/UIImageView+AFNetworking.m"; sourceTree = "<group>"; };
		B9E5031A2AA49653198CC5140E74E8F4 /* PPNetworkHelper-prefix.pch */ = {isa = PBXFileReference; includeInIndex = 1; lastKnownFileType = sourcecode.c.h; path = "PPNetworkHelper-prefix.pch"; sourceTree = "<group>"; };
		BB8E8422C614FD0ED3A173035D83278E /* AFNetworking.xcconfig */ = {isa = PBXFileReference; includeInIndex = 1; lastKnownFileType = text.xcconfig; path = AFNetworking.xcconfig; sourceTree = "<group>"; };
		BE68061C13AE91441B5A35DF8D8D364E /* UIImageView+AFNetworking.h */ = {isa = PBXFileReference; includeInIndex = 1; lastKnownFileType = sourcecode.c.h; name = "UIImageView+AFNetworking.h"; path = "UIKit+AFNetworking/UIImageView+AFNetworking.h"; sourceTree = "<group>"; };
		C090B23669F5350E4D0AAE23F6235D05 /* UIProgressView+AFNetworking.h */ = {isa = PBXFileReference; includeInIndex = 1; lastKnownFileType = sourcecode.c.h; name = "UIProgressView+AFNetworking.h"; path = "UIKit+AFNetworking/UIProgressView+AFNetworking.h"; sourceTree = "<group>"; };
		C9319A8F426075CBD8FD50AE939FEB84 /* AFHTTPSessionManager.m */ = {isa = PBXFileReference; includeInIndex = 1; lastKnownFileType = sourcecode.c.objc; name = AFHTTPSessionManager.m; path = AFNetworking/AFHTTPSessionManager.m; sourceTree = "<group>"; };
		CAACA599F8B4A5D3990E34A5F7164662 /* AFURLRequestSerialization.h */ = {isa = PBXFileReference; includeInIndex = 1; lastKnownFileType = sourcecode.c.h; name = AFURLRequestSerialization.h; path = AFNetworking/AFURLRequestSerialization.h; sourceTree = "<group>"; };
		CC0834EE1A4B5C109DBCBAEEB09AF27E /* NSObject+MJProperty.m */ = {isa = PBXFileReference; includeInIndex = 1; lastKnownFileType = sourcecode.c.objc; name = "NSObject+MJProperty.m"; path = "MJExtension/NSObject+MJProperty.m"; sourceTree = "<group>"; };
		CCB976FCBE8D281FABF889DC7D30E2B6 /* YYCache-prefix.pch */ = {isa = PBXFileReference; includeInIndex = 1; lastKnownFileType = sourcecode.c.h; path = "YYCache-prefix.pch"; sourceTree = "<group>"; };
		CCE5A70D27A8775581C722B1F9A3B8E7 /* AFImageDownloader.m */ = {isa = PBXFileReference; includeInIndex = 1; lastKnownFileType = sourcecode.c.objc; name = AFImageDownloader.m; path = "UIKit+AFNetworking/AFImageDownloader.m"; sourceTree = "<group>"; };
		CFB497DB459551FC1ADBF315E067250D /* PPNetworkHelper.xcconfig */ = {isa = PBXFileReference; includeInIndex = 1; lastKnownFileType = text.xcconfig; path = PPNetworkHelper.xcconfig; sourceTree = "<group>"; };
		D09CE948C9EB787DFAE8F93475ABB130 /* UIRefreshControl+AFNetworking.h */ = {isa = PBXFileReference; includeInIndex = 1; lastKnownFileType = sourcecode.c.h; name = "UIRefreshControl+AFNetworking.h"; path = "UIKit+AFNetworking/UIRefreshControl+AFNetworking.h"; sourceTree = "<group>"; };
		DBC3F6136C89B1D98CD919E6B6C082AF /* Pods-netdemo1-acknowledgements.markdown */ = {isa = PBXFileReference; includeInIndex = 1; lastKnownFileType = text; path = "Pods-netdemo1-acknowledgements.markdown"; sourceTree = "<group>"; };
		DC0322C00BF537C4035335F13496BE7C /* NSObject+MJProperty.h */ = {isa = PBXFileReference; includeInIndex = 1; lastKnownFileType = sourcecode.c.h; name = "NSObject+MJProperty.h"; path = "MJExtension/NSObject+MJProperty.h"; sourceTree = "<group>"; };
		DDE2F014C5C050253BCA651F8FFFE0FB /* YYKVStorage.h */ = {isa = PBXFileReference; includeInIndex = 1; lastKnownFileType = sourcecode.c.h; name = YYKVStorage.h; path = YYCache/YYKVStorage.h; sourceTree = "<group>"; };
		E4547E62A626480536D330229B96C77B /* AFNetworkActivityIndicatorManager.h */ = {isa = PBXFileReference; includeInIndex = 1; lastKnownFileType = sourcecode.c.h; name = AFNetworkActivityIndicatorManager.h; path = "UIKit+AFNetworking/AFNetworkActivityIndicatorManager.h"; sourceTree = "<group>"; };
		E72097D5CCD5B66B6E0F6248BF6E14BD /* libMJExtension.a */ = {isa = PBXFileReference; explicitFileType = archive.ar; includeInIndex = 0; path = libMJExtension.a; sourceTree = BUILT_PRODUCTS_DIR; };
		E7C1C5D574FEC0D978DFCD2CF76187DB /* AFHTTPSessionManager.h */ = {isa = PBXFileReference; includeInIndex = 1; lastKnownFileType = sourcecode.c.h; name = AFHTTPSessionManager.h; path = AFNetworking/AFHTTPSessionManager.h; sourceTree = "<group>"; };
		E8CD0CBB8EC618BC5190FEC7FCDEA6AF /* AFNetworking.h */ = {isa = PBXFileReference; includeInIndex = 1; lastKnownFileType = sourcecode.c.h; name = AFNetworking.h; path = AFNetworking/AFNetworking.h; sourceTree = "<group>"; };
		E941420F6FD997A18ED5A1A804033032 /* MJExtension.h */ = {isa = PBXFileReference; includeInIndex = 1; lastKnownFileType = sourcecode.c.h; name = MJExtension.h; path = MJExtension/MJExtension.h; sourceTree = "<group>"; };
		E96CEA09FB7CA480DC7BAE9A60EB73BE /* AFNetworkActivityIndicatorManager.m */ = {isa = PBXFileReference; includeInIndex = 1; lastKnownFileType = sourcecode.c.objc; name = AFNetworkActivityIndicatorManager.m; path = "UIKit+AFNetworking/AFNetworkActivityIndicatorManager.m"; sourceTree = "<group>"; };
		E9F70EF4A079698A6DFAA278F0090624 /* libPods-netdemo1.a */ = {isa = PBXFileReference; explicitFileType = archive.ar; includeInIndex = 0; path = "libPods-netdemo1.a"; sourceTree = BUILT_PRODUCTS_DIR; };
		ECA3B25D7E3F17EBFAB64C5D7F7F8726 /* MJPropertyKey.h */ = {isa = PBXFileReference; includeInIndex = 1; lastKnownFileType = sourcecode.c.h; name = MJPropertyKey.h; path = MJExtension/MJPropertyKey.h; sourceTree = "<group>"; };
		EE965DC7D92B60E97642F22F1E0ADDBB /* UIRefreshControl+AFNetworking.m */ = {isa = PBXFileReference; includeInIndex = 1; lastKnownFileType = sourcecode.c.objc; name = "UIRefreshControl+AFNetworking.m"; path = "UIKit+AFNetworking/UIRefreshControl+AFNetworking.m"; sourceTree = "<group>"; };
		F0BF49F5F59521A79846EF47C6F5355D /* UIButton+AFNetworking.h */ = {isa = PBXFileReference; includeInIndex = 1; lastKnownFileType = sourcecode.c.h; name = "UIButton+AFNetworking.h"; path = "UIKit+AFNetworking/UIButton+AFNetworking.h"; sourceTree = "<group>"; };
		F1C7CBC153B28AC0DA7762A910EADC12 /* PPNetworkHelper.h */ = {isa = PBXFileReference; includeInIndex = 1; lastKnownFileType = sourcecode.c.h; name = PPNetworkHelper.h; path = PPNetworkHelper/PPNetworkHelper/PPNetworkHelper.h; sourceTree = "<group>"; };
		F495615FA7B415AAD2DF6886786C73D1 /* AFURLSessionManager.m */ = {isa = PBXFileReference; includeInIndex = 1; lastKnownFileType = sourcecode.c.objc; name = AFURLSessionManager.m; path = AFNetworking/AFURLSessionManager.m; sourceTree = "<group>"; };
		F8454763F9AC7829DE9581B0637F3BC7 /* YYMemoryCache.h */ = {isa = PBXFileReference; includeInIndex = 1; lastKnownFileType = sourcecode.c.h; name = YYMemoryCache.h; path = YYCache/YYMemoryCache.h; sourceTree = "<group>"; };
		FADB24707986975C681D133709E6C84F /* MobileCoreServices.framework */ = {isa = PBXFileReference; lastKnownFileType = wrapper.framework; name = MobileCoreServices.framework; path = Platforms/iPhoneOS.platform/Developer/SDKs/iPhoneOS9.3.sdk/System/Library/Frameworks/MobileCoreServices.framework; sourceTree = DEVELOPER_DIR; };
		FBB5062E7DA3FADFAE540B5090F6BED7 /* YYCache-dummy.m */ = {isa = PBXFileReference; includeInIndex = 1; lastKnownFileType = sourcecode.c.objc; path = "YYCache-dummy.m"; sourceTree = "<group>"; };
		FC908EA89BC4EF362DE225972BBAFDBA /* UIActivityIndicatorView+AFNetworking.h */ = {isa = PBXFileReference; includeInIndex = 1; lastKnownFileType = sourcecode.c.h; name = "UIActivityIndicatorView+AFNetworking.h"; path = "UIKit+AFNetworking/UIActivityIndicatorView+AFNetworking.h"; sourceTree = "<group>"; };
/* End PBXFileReference section */

/* Begin PBXFrameworksBuildPhase section */
		19AD8AAD39556977C18E2979DD6ADD1A /* Frameworks */ = {
			isa = PBXFrameworksBuildPhase;
			buildActionMask = 2147483647;
			files = (
				E9F9D64EBAF1870AD70420D62B444EE9 /* CoreFoundation.framework in Frameworks */,
				1236D1980C331380B2A04EB188CE56BB /* Foundation.framework in Frameworks */,
				F0410A7599F45E0DD4183B4DA7DE4067 /* QuartzCore.framework in Frameworks */,
				64D361FCB49125C8770D8173026A7F2D /* UIKit.framework in Frameworks */,
			);
			runOnlyForDeploymentPostprocessing = 0;
		};
		508C962B3E08E8DA04956BF349A3CDFD /* Frameworks */ = {
			isa = PBXFrameworksBuildPhase;
			buildActionMask = 2147483647;
			files = (
				045FFEDD819A734271DD5DE53C877884 /* CoreGraphics.framework in Frameworks */,
				30DA0B928C8F28E3C3F279C3833458A0 /* Foundation.framework in Frameworks */,
				17912D9A89FC36E82029409E9B74A61A /* MobileCoreServices.framework in Frameworks */,
				0358B918CA8C9D3C214FD4D41CD69A90 /* Security.framework in Frameworks */,
				650FFDAF60A6C37D824BC6364B09A3E5 /* SystemConfiguration.framework in Frameworks */,
			);
			runOnlyForDeploymentPostprocessing = 0;
		};
		747242460B935FEA3E994652BD8C2E0B /* Frameworks */ = {
			isa = PBXFrameworksBuildPhase;
			buildActionMask = 2147483647;
			files = (
				65ED43E8E96D716F4B3C93B112E8BE5B /* Foundation.framework in Frameworks */,
			);
			runOnlyForDeploymentPostprocessing = 0;
		};
		880020BE80A86C2791B656B09C22939B /* Frameworks */ = {
			isa = PBXFrameworksBuildPhase;
			buildActionMask = 2147483647;
			files = (
				F01C388D0D9C2E0B84DF977B991D6493 /* Foundation.framework in Frameworks */,
			);
			runOnlyForDeploymentPostprocessing = 0;
		};
		F94DAAEBE4D9AA605366E8083E26D589 /* Frameworks */ = {
			isa = PBXFrameworksBuildPhase;
			buildActionMask = 2147483647;
			files = (
				49712A3C14C9F2BE71EDFEE79A37DD7C /* Foundation.framework in Frameworks */,
			);
			runOnlyForDeploymentPostprocessing = 0;
		};
/* End PBXFrameworksBuildPhase section */

/* Begin PBXGroup section */
		16254AA0F3B5C4F79F6FBBC7A1E98DA6 /* Products */ = {
			isa = PBXGroup;
			children = (
				B221E2D3AF962EDA878D571873032A5F /* libAFNetworking.a */,
				E72097D5CCD5B66B6E0F6248BF6E14BD /* libMJExtension.a */,
				E9F70EF4A079698A6DFAA278F0090624 /* libPods-netdemo1.a */,
				26B8CDD8096535269BEFBA527DE35CDC /* libPPNetworkHelper.a */,
				9DBCB099047C3E3D956B9687FE0113A3 /* libYYCache.a */,
			);
			name = Products;
			sourceTree = "<group>";
		};
		23FF66361421B1727D7CAC619C1A26B0 /* Reachability */ = {
			isa = PBXGroup;
			children = (
				1BBF58D8A36945AB5799DEA46158D1D7 /* AFNetworkReachabilityManager.h */,
				88029D1F44D8D3650AAB2DB76F75A68E /* AFNetworkReachabilityManager.m */,
			);
			name = Reachability;
			sourceTree = "<group>";
		};
		2A98B0288FCC67C119CA3156721DB6F4 /* Support Files */ = {
			isa = PBXGroup;
			children = (
				74841D7B4959DAC8DCFD4A2A89C5DE27 /* MJExtension.xcconfig */,
				7870BA37291C39680526AB6E56C96EE0 /* MJExtension-dummy.m */,
				42A9830C6852C8DBDEB335F5FBEF038B /* MJExtension-prefix.pch */,
			);
			name = "Support Files";
			path = "../Target Support Files/MJExtension";
			sourceTree = "<group>";
		};
		3015B54519FC11124B03D53485EAC7E7 /* AFNetworking */ = {
			isa = PBXGroup;
			children = (
				E8CD0CBB8EC618BC5190FEC7FCDEA6AF /* AFNetworking.h */,
				BF49190C3C2A1F4C654DBAE56BB01D7B /* NSURLSession */,
				23FF66361421B1727D7CAC619C1A26B0 /* Reachability */,
				8D81F03375A8661F65498D9FA0C51200 /* Security */,
				E916076CB24302E47F9EECEED1E88B64 /* Serialization */,
				E8D8AF48DB3722531D9B6EB7FD25A944 /* Support Files */,
				90E0A41BE5B1D7AAF3883E12E2C97E7A /* UIKit */,
			);
			path = AFNetworking;
			sourceTree = "<group>";
		};
		54CEDD3935C30A9AAB80394013D23058 /* Support Files */ = {
			isa = PBXGroup;
			children = (
				2F356FB72C9459245BE8EB181CDBC026 /* YYCache.xcconfig */,
				FBB5062E7DA3FADFAE540B5090F6BED7 /* YYCache-dummy.m */,
				CCB976FCBE8D281FABF889DC7D30E2B6 /* YYCache-prefix.pch */,
			);
			name = "Support Files";
			path = "../Target Support Files/YYCache";
			sourceTree = "<group>";
		};
		65188B68A9D37EE1F80C0BE2ED1909D4 /* iOS */ = {
			isa = PBXGroup;
			children = (
				82625DBAD63445406C4163264D30430E /* CoreFoundation.framework */,
				57557AADB39562ED0649CEC450FDB953 /* CoreGraphics.framework */,
				2E14220E711DB5EDC6B54C786C7CE773 /* Foundation.framework */,
				FADB24707986975C681D133709E6C84F /* MobileCoreServices.framework */,
				AEB56210742A414B7AC3AEE132DCF83D /* QuartzCore.framework */,
				61C4A7E3196C650EA61C581A9C50443F /* Security.framework */,
				86DCB603566A7F85391D9ECF436F0259 /* SystemConfiguration.framework */,
				14EF65B5194287ABBC3F96B4D5A732A7 /* UIKit.framework */,
			);
			name = iOS;
			sourceTree = "<group>";
		};
		6576B06AA05A7BF85AC7140A98BE2346 /* Pods-netdemo1 */ = {
			isa = PBXGroup;
			children = (
				DBC3F6136C89B1D98CD919E6B6C082AF /* Pods-netdemo1-acknowledgements.markdown */,
				1C090D051C54DAC64ACE1A0CF99FAB10 /* Pods-netdemo1-acknowledgements.plist */,
				2C7023CD59F4269D335F65F268C776E8 /* Pods-netdemo1-dummy.m */,
				996FEE0BF1E34EB0F09A46952BCAEE84 /* Pods-netdemo1-frameworks.sh */,
				34BC2DE6E459DC739104401B78A404BF /* Pods-netdemo1-resources.sh */,
				12FD4E40DAE0957BB77151A3B6F7A903 /* Pods-netdemo1.debug.xcconfig */,
				AC2BB743073EB713E0CB7BF830CE3A97 /* Pods-netdemo1.release.xcconfig */,
			);
			name = "Pods-netdemo1";
			path = "Target Support Files/Pods-netdemo1";
			sourceTree = "<group>";
		};
		68873DF5D2273D79367F539102AEEA0F /* MJExtension */ = {
			isa = PBXGroup;
			children = (
				E941420F6FD997A18ED5A1A804033032 /* MJExtension.h */,
				08E5D8EF7604D66068C7E2DD72DFF364 /* MJExtensionConst.h */,
				50C49017DE4D8F97E3A061F7364AA05A /* MJExtensionConst.m */,
				B15428BA9051106474017D12F5DE69EB /* MJFoundation.h */,
				856B0080CE90E1631691494D31D10C45 /* MJFoundation.m */,
				3A40DE953C5A62029F2B9BC5B47347E4 /* MJProperty.h */,
				9FCA7BDCAB14EE98935E2A5D947BF5DD /* MJProperty.m */,
				ECA3B25D7E3F17EBFAB64C5D7F7F8726 /* MJPropertyKey.h */,
				72D3A86BB1AA424D99FE2347443926AE /* MJPropertyKey.m */,
				1EF7305C5105B1B40822EB9A95FD2F46 /* MJPropertyType.h */,
				98C19BDA592740E6C2F49D6775EE50DE /* MJPropertyType.m */,
				649952F3C660077F5D04C5A664B8BBA7 /* NSObject+MJClass.h */,
				97BAECD5242580A89419C4A619C6D61A /* NSObject+MJClass.m */,
				AAC17397CC1592A41AB4797D3091BEDC /* NSObject+MJCoding.h */,
				B01459018E9512E0004E8B12B8401F61 /* NSObject+MJCoding.m */,
				008742D39C292A511FF3D80C549744BE /* NSObject+MJKeyValue.h */,
				7EAB199381AD03F7F74C378D784F652E /* NSObject+MJKeyValue.m */,
				DC0322C00BF537C4035335F13496BE7C /* NSObject+MJProperty.h */,
				CC0834EE1A4B5C109DBCBAEEB09AF27E /* NSObject+MJProperty.m */,
				6F69E54B507DEBDF24AD2CAC0FB77B60 /* NSString+MJExtension.h */,
				388DBFC691335E589D2481E4D10DA238 /* NSString+MJExtension.m */,
				2A98B0288FCC67C119CA3156721DB6F4 /* Support Files */,
			);
			path = MJExtension;
			sourceTree = "<group>";
		};
		785553737B06AFC3DA711DDEB7D56194 /* Frameworks */ = {
			isa = PBXGroup;
			children = (
				65188B68A9D37EE1F80C0BE2ED1909D4 /* iOS */,
			);
			name = Frameworks;
			sourceTree = "<group>";
		};
		7DB346D0F39D3F0E887471402A8071AB = {
			isa = PBXGroup;
			children = (
				93A4A3777CF96A4AAC1D13BA6DCCEA73 /* Podfile */,
				785553737B06AFC3DA711DDEB7D56194 /* Frameworks */,
				CAEBD2EC0C439E20DCA204C8C8A5AC40 /* Pods */,
				16254AA0F3B5C4F79F6FBBC7A1E98DA6 /* Products */,
				EC5531DB20063447AF8129F4657742F4 /* Targets Support Files */,
			);
			sourceTree = "<group>";
		};
		80B81EDBDBDCD868BA128188541B6E85 /* Support Files */ = {
			isa = PBXGroup;
			children = (
				CFB497DB459551FC1ADBF315E067250D /* PPNetworkHelper.xcconfig */,
				576E78DAEE30DAD1C657872BAD99AE9F /* PPNetworkHelper-dummy.m */,
				B9E5031A2AA49653198CC5140E74E8F4 /* PPNetworkHelper-prefix.pch */,
			);
			name = "Support Files";
			path = "../Target Support Files/PPNetworkHelper";
			sourceTree = "<group>";
		};
		8D81F03375A8661F65498D9FA0C51200 /* Security */ = {
			isa = PBXGroup;
			children = (
				25AAF61197AAC3BB35F9A68AF883804F /* AFSecurityPolicy.h */,
				7F1A677C4D58ABBF232AFD89F0C3ED8C /* AFSecurityPolicy.m */,
			);
			name = Security;
			sourceTree = "<group>";
		};
		90E0A41BE5B1D7AAF3883E12E2C97E7A /* UIKit */ = {
			isa = PBXGroup;
			children = (
				49F230DF9C44D57352F9EFF3A1A8106D /* AFAutoPurgingImageCache.h */,
				402622DB9A01B81607284F0A9AF7DEE0 /* AFAutoPurgingImageCache.m */,
				2E14A2E984A79E10D7ABA23E1C9C42EF /* AFImageDownloader.h */,
				CCE5A70D27A8775581C722B1F9A3B8E7 /* AFImageDownloader.m */,
				E4547E62A626480536D330229B96C77B /* AFNetworkActivityIndicatorManager.h */,
				E96CEA09FB7CA480DC7BAE9A60EB73BE /* AFNetworkActivityIndicatorManager.m */,
				FC908EA89BC4EF362DE225972BBAFDBA /* UIActivityIndicatorView+AFNetworking.h */,
				462605EC50D29C6A51D3CED71ED477B0 /* UIActivityIndicatorView+AFNetworking.m */,
				F0BF49F5F59521A79846EF47C6F5355D /* UIButton+AFNetworking.h */,
				09500C16346C427D74B9008CA378E236 /* UIButton+AFNetworking.m */,
				09CA5340EF2453B504489A214070B18B /* UIImage+AFNetworking.h */,
				BE68061C13AE91441B5A35DF8D8D364E /* UIImageView+AFNetworking.h */,
				B94387967D45152123AEF5DA944114ED /* UIImageView+AFNetworking.m */,
				8DAE8307106335B84139B9E1072A8BA6 /* UIKit+AFNetworking.h */,
				C090B23669F5350E4D0AAE23F6235D05 /* UIProgressView+AFNetworking.h */,
				5D05F78EDC78CC875561D7BFE82DD88B /* UIProgressView+AFNetworking.m */,
				D09CE948C9EB787DFAE8F93475ABB130 /* UIRefreshControl+AFNetworking.h */,
				EE965DC7D92B60E97642F22F1E0ADDBB /* UIRefreshControl+AFNetworking.m */,
				0A485F40756B18D7B22CF2399C31AE26 /* UIWebView+AFNetworking.h */,
				720889875DB17AF13166BCE2C60B9E42 /* UIWebView+AFNetworking.m */,
			);
			name = UIKit;
			sourceTree = "<group>";
		};
		BDCF0A01C67BE25D66869A368FA61559 /* YYCache */ = {
			isa = PBXGroup;
			children = (
				7A270277EF1F3C73E3DA9BB00A7667C5 /* YYCache.h */,
				AC4DF0DADFBB0CA1E7E9079228C5148B /* YYCache.m */,
				811CDEA387F3D3236C684C20EC2118DE /* YYDiskCache.h */,
				154797563BD4751A24AD24F78B711EE8 /* YYDiskCache.m */,
				DDE2F014C5C050253BCA651F8FFFE0FB /* YYKVStorage.h */,
				38318CC718A9964A032AA0847005C955 /* YYKVStorage.m */,
				F8454763F9AC7829DE9581B0637F3BC7 /* YYMemoryCache.h */,
				AE36F007E24D5CE38F5385DE52873AFF /* YYMemoryCache.m */,
				54CEDD3935C30A9AAB80394013D23058 /* Support Files */,
			);
			path = YYCache;
			sourceTree = "<group>";
		};
		BF49190C3C2A1F4C654DBAE56BB01D7B /* NSURLSession */ = {
			isa = PBXGroup;
			children = (
				E7C1C5D574FEC0D978DFCD2CF76187DB /* AFHTTPSessionManager.h */,
				C9319A8F426075CBD8FD50AE939FEB84 /* AFHTTPSessionManager.m */,
				5851482FBE15AB7221F1A9527DE9558C /* AFURLSessionManager.h */,
				F495615FA7B415AAD2DF6886786C73D1 /* AFURLSessionManager.m */,
			);
			name = NSURLSession;
			sourceTree = "<group>";
		};
		CAEBD2EC0C439E20DCA204C8C8A5AC40 /* Pods */ = {
			isa = PBXGroup;
			children = (
				3015B54519FC11124B03D53485EAC7E7 /* AFNetworking */,
				68873DF5D2273D79367F539102AEEA0F /* MJExtension */,
				D489493A789C18A37A8ADFC702779D0F /* PPNetworkHelper */,
				BDCF0A01C67BE25D66869A368FA61559 /* YYCache */,
			);
			name = Pods;
			sourceTree = "<group>";
		};
		D489493A789C18A37A8ADFC702779D0F /* PPNetworkHelper */ = {
			isa = PBXGroup;
			children = (
				604A4C3D56FDF7D6FBEE515157A153D9 /* PPNetworkCache.h */,
				ADCC8C347907A2C4C392B6E5D409CAE7 /* PPNetworkCache.m */,
				F1C7CBC153B28AC0DA7762A910EADC12 /* PPNetworkHelper.h */,
				6A5113FF1AC20F5F872887B8E69D1DC5 /* PPNetworkHelper.m */,
				80B81EDBDBDCD868BA128188541B6E85 /* Support Files */,
			);
			path = PPNetworkHelper;
			sourceTree = "<group>";
		};
		E8D8AF48DB3722531D9B6EB7FD25A944 /* Support Files */ = {
			isa = PBXGroup;
			children = (
				BB8E8422C614FD0ED3A173035D83278E /* AFNetworking.xcconfig */,
				2974A4A0152528383471C6940654ED55 /* AFNetworking-dummy.m */,
				7F32109ED31960C74C19A4950B002E0E /* AFNetworking-prefix.pch */,
			);
			name = "Support Files";
			path = "../Target Support Files/AFNetworking";
			sourceTree = "<group>";
		};
		E916076CB24302E47F9EECEED1E88B64 /* Serialization */ = {
			isa = PBXGroup;
			children = (
				CAACA599F8B4A5D3990E34A5F7164662 /* AFURLRequestSerialization.h */,
				7AB69EC5F7476D0533CB624AB319B259 /* AFURLRequestSerialization.m */,
				1A2172AA617BDBD74AB57AFFBB97FF17 /* AFURLResponseSerialization.h */,
				43CFB260065174946F7613A21A2DD070 /* AFURLResponseSerialization.m */,
			);
			name = Serialization;
			sourceTree = "<group>";
		};
		EC5531DB20063447AF8129F4657742F4 /* Targets Support Files */ = {
			isa = PBXGroup;
			children = (
				6576B06AA05A7BF85AC7140A98BE2346 /* Pods-netdemo1 */,
			);
			name = "Targets Support Files";
			sourceTree = "<group>";
		};
/* End PBXGroup section */

/* Begin PBXHeadersBuildPhase section */
		8C0C5E0ECF41EEA73F9C585E0F3549CE /* Headers */ = {
			isa = PBXHeadersBuildPhase;
			buildActionMask = 2147483647;
			files = (
				29E12145C90864E123852734636E1AEA /* PPNetworkCache.h in Headers */,
				40B49DB80322AB0C5E88BF6058A9CBF0 /* PPNetworkHelper.h in Headers */,
			);
			runOnlyForDeploymentPostprocessing = 0;
		};
		9BFDB0DD410820DBC72D6DD7D386D008 /* Headers */ = {
			isa = PBXHeadersBuildPhase;
			buildActionMask = 2147483647;
			files = (
				476804E54CD1767E0FFEBC9E6A9164CB /* YYCache.h in Headers */,
				103324C1D6A578C9AC4FBD4B495F5517 /* YYDiskCache.h in Headers */,
				7F888E11DDABE7ADF8D5497627990084 /* YYKVStorage.h in Headers */,
				1620F6D1C9E76479EEABCADEBE9267E2 /* YYMemoryCache.h in Headers */,
			);
			runOnlyForDeploymentPostprocessing = 0;
		};
		B981229135DBE9773A86BDB116C368D1 /* Headers */ = {
			isa = PBXHeadersBuildPhase;
			buildActionMask = 2147483647;
			files = (
				19E6319F6ECED7539AABBD9A211F7AEC /* AFAutoPurgingImageCache.h in Headers */,
				F3774B1449FCE5B3CA3E1B336E11D284 /* AFHTTPSessionManager.h in Headers */,
				326A543AD4E39A2DAECA1CD385E3AEA2 /* AFImageDownloader.h in Headers */,
				3939531EB270B4145C7ADFBAB2E5695F /* AFNetworkActivityIndicatorManager.h in Headers */,
				0A08FC71C4E3B8E0F8734BCDA7CCA7CB /* AFNetworking.h in Headers */,
				ED69D9B5A342FE9BD3F170D5CDDEC948 /* AFNetworkReachabilityManager.h in Headers */,
				DFDAC8245626953C4BCE5A2DA6BE2A5B /* AFSecurityPolicy.h in Headers */,
				2359387620C5E815BF0594BC40311734 /* AFURLRequestSerialization.h in Headers */,
				B51AA1F7701DCDBCC9B88A15320F9C2C /* AFURLResponseSerialization.h in Headers */,
				3511AE7ADBB71D05565854F0E70B7D08 /* AFURLSessionManager.h in Headers */,
				830050886B18F54E17F117FD8EFC717B /* UIActivityIndicatorView+AFNetworking.h in Headers */,
				E212C2AA95E8F6EFB69A5F1455F291F8 /* UIButton+AFNetworking.h in Headers */,
				C1B65C3D849FEE4FB5298A8135A765DA /* UIImage+AFNetworking.h in Headers */,
				6EC97BDB3FC508526F9E388095A7DDCC /* UIImageView+AFNetworking.h in Headers */,
				85FAB6F1D2FE0598BF2E61D7BB084B8D /* UIKit+AFNetworking.h in Headers */,
				5D52DB6DF2E6C24CECB0015A9177A2E1 /* UIProgressView+AFNetworking.h in Headers */,
				ACE9C1A6E8D5121C6C5F907C7A9CFCC9 /* UIRefreshControl+AFNetworking.h in Headers */,
				B5CF67F7870BAB70A76E57479B706B42 /* UIWebView+AFNetworking.h in Headers */,
			);
			runOnlyForDeploymentPostprocessing = 0;
		};
		F95AF419D96CDED026D79CDD7A3B3023 /* Headers */ = {
			isa = PBXHeadersBuildPhase;
			buildActionMask = 2147483647;
			files = (
				C37D2F9A62232C28DAF2E51CF1364F21 /* MJExtension.h in Headers */,
				0F7EC02E944F8719A5EBDC9D29F9E99F /* MJExtensionConst.h in Headers */,
				13695CE9BF36F26CA806C5CD2D6ADECA /* MJFoundation.h in Headers */,
				DAF1CE8756287B465E0DE48A6133FB79 /* MJProperty.h in Headers */,
				366A613AE07EAA35B5789F6123FB48AF /* MJPropertyKey.h in Headers */,
				91CAC2B69903F5F3D7C25A95CA77A600 /* MJPropertyType.h in Headers */,
				CA1EB1DB5C89E63A19ED05C55E35AF23 /* NSObject+MJClass.h in Headers */,
				118227C43F283C87130BEE2BFABC7EBD /* NSObject+MJCoding.h in Headers */,
				4330562BA1A299CBD37F4602B1A4C95A /* NSObject+MJKeyValue.h in Headers */,
				C16442D25F534C602780E6FD44C6A698 /* NSObject+MJProperty.h in Headers */,
				86D3C675657C8AFE6F73E5D0F209E990 /* NSString+MJExtension.h in Headers */,
			);
			runOnlyForDeploymentPostprocessing = 0;
		};
/* End PBXHeadersBuildPhase section */

/* Begin PBXNativeTarget section */
		4492C75855FBD8BA57C5E76EDB647751 /* Pods-netdemo1 */ = {
			isa = PBXNativeTarget;
			buildConfigurationList = 2558755770D0990E9BAEA67A56D8E509 /* Build configuration list for PBXNativeTarget "Pods-netdemo1" */;
			buildPhases = (
				EC9D1AD857B5497CD48E9D26B012A9DC /* Sources */,
				F94DAAEBE4D9AA605366E8083E26D589 /* Frameworks */,
			);
			buildRules = (
			);
			dependencies = (
				ED844A162A14FF2E20855AF7110998B5 /* PBXTargetDependency */,
				17C8C01CF401C0F4B297EB535D01E482 /* PBXTargetDependency */,
				D4E3D8B7B6E8926ED0EC96A6E3D4BC3C /* PBXTargetDependency */,
				2E7B2AD9952C7C68C09AB501B87E965B /* PBXTargetDependency */,
			);
			name = "Pods-netdemo1";
			productName = "Pods-netdemo1";
			productReference = E9F70EF4A079698A6DFAA278F0090624 /* libPods-netdemo1.a */;
			productType = "com.apple.product-type.library.static";
		};
		84EFE83F669ADA92DA1F46257C867C0B /* YYCache */ = {
			isa = PBXNativeTarget;
			buildConfigurationList = F0BA2A21520E3E391CFD060F8F5EE376 /* Build configuration list for PBXNativeTarget "YYCache" */;
			buildPhases = (
				3D4A3823534C4B3DA8859987A90A82DA /* Sources */,
				19AD8AAD39556977C18E2979DD6ADD1A /* Frameworks */,
				9BFDB0DD410820DBC72D6DD7D386D008 /* Headers */,
			);
			buildRules = (
			);
			dependencies = (
			);
			name = YYCache;
			productName = YYCache;
			productReference = 9DBCB099047C3E3D956B9687FE0113A3 /* libYYCache.a */;
			productType = "com.apple.product-type.library.static";
		};
		928353533005A4198EBDA5B700D37B64 /* AFNetworking */ = {
			isa = PBXNativeTarget;
			buildConfigurationList = 77CF2A7107BC61A2E90025871305961D /* Build configuration list for PBXNativeTarget "AFNetworking" */;
			buildPhases = (
				DE0BAD758C6F291CE7E10DA077987C62 /* Sources */,
				508C962B3E08E8DA04956BF349A3CDFD /* Frameworks */,
				B981229135DBE9773A86BDB116C368D1 /* Headers */,
			);
			buildRules = (
			);
			dependencies = (
			);
			name = AFNetworking;
			productName = AFNetworking;
			productReference = B221E2D3AF962EDA878D571873032A5F /* libAFNetworking.a */;
			productType = "com.apple.product-type.library.static";
		};
		9EAB3E42EF957541E6C3C76D35FD008E /* MJExtension */ = {
			isa = PBXNativeTarget;
			buildConfigurationList = ECCC06F4F1551987F0834A094FDCB1CA /* Build configuration list for PBXNativeTarget "MJExtension" */;
			buildPhases = (
				2CBFB844B4D7FEB4FF2F11CAE31CAD75 /* Sources */,
				747242460B935FEA3E994652BD8C2E0B /* Frameworks */,
				F95AF419D96CDED026D79CDD7A3B3023 /* Headers */,
			);
			buildRules = (
			);
			dependencies = (
			);
			name = MJExtension;
			productName = MJExtension;
			productReference = E72097D5CCD5B66B6E0F6248BF6E14BD /* libMJExtension.a */;
			productType = "com.apple.product-type.library.static";
		};
		BF28721BD10BF6B6EA4C5BCF7ECB32D3 /* PPNetworkHelper */ = {
			isa = PBXNativeTarget;
			buildConfigurationList = 6681CFA04D53595BF686111F7BB6D6D7 /* Build configuration list for PBXNativeTarget "PPNetworkHelper" */;
			buildPhases = (
				67167CA5B7431C5E7554FE6F3FF2A1DA /* Sources */,
				880020BE80A86C2791B656B09C22939B /* Frameworks */,
				8C0C5E0ECF41EEA73F9C585E0F3549CE /* Headers */,
			);
			buildRules = (
			);
			dependencies = (
				9F2BD1A5431CEF91C5BC8D1BF4463EB1 /* PBXTargetDependency */,
				4A4745ABF99188F48B8E9FC9EA862290 /* PBXTargetDependency */,
			);
			name = PPNetworkHelper;
			productName = PPNetworkHelper;
			productReference = 26B8CDD8096535269BEFBA527DE35CDC /* libPPNetworkHelper.a */;
			productType = "com.apple.product-type.library.static";
		};
/* End PBXNativeTarget section */

/* Begin PBXProject section */
		D41D8CD98F00B204E9800998ECF8427E /* Project object */ = {
			isa = PBXProject;
			attributes = {
				LastSwiftUpdateCheck = 0730;
				LastUpgradeCheck = 0700;
			};
			buildConfigurationList = 2D8E8EC45A3A1A1D94AE762CB5028504 /* Build configuration list for PBXProject "Pods" */;
			compatibilityVersion = "Xcode 3.2";
			developmentRegion = English;
			hasScannedForEncodings = 0;
			knownRegions = (
				en,
			);
			mainGroup = 7DB346D0F39D3F0E887471402A8071AB;
			productRefGroup = 16254AA0F3B5C4F79F6FBBC7A1E98DA6 /* Products */;
			projectDirPath = "";
			projectRoot = "";
			targets = (
				928353533005A4198EBDA5B700D37B64 /* AFNetworking */,
				9EAB3E42EF957541E6C3C76D35FD008E /* MJExtension */,
				4492C75855FBD8BA57C5E76EDB647751 /* Pods-netdemo1 */,
				BF28721BD10BF6B6EA4C5BCF7ECB32D3 /* PPNetworkHelper */,
				84EFE83F669ADA92DA1F46257C867C0B /* YYCache */,
			);
		};
/* End PBXProject section */

/* Begin PBXSourcesBuildPhase section */
		2CBFB844B4D7FEB4FF2F11CAE31CAD75 /* Sources */ = {
			isa = PBXSourcesBuildPhase;
			buildActionMask = 2147483647;
			files = (
				2CC27528C64733F5C0AB4B1B6EE35E8C /* MJExtension-dummy.m in Sources */,
				FDF30F97BDF167F0B956DED0F2C8DA69 /* MJExtensionConst.m in Sources */,
				710DA5E9C44A1BC56CD13FC1F2D6E099 /* MJFoundation.m in Sources */,
				A0AD231A11A54F59BC8D486946D2928B /* MJProperty.m in Sources */,
				A60A4B3054017180C0B6C7B24E651E0A /* MJPropertyKey.m in Sources */,
				4C61B999DF40B1B00449A7AFCBB61D5E /* MJPropertyType.m in Sources */,
				026CCF569A2125FCB0EE8F152731259E /* NSObject+MJClass.m in Sources */,
				CDA4DB994BAC351F4CD71EC283055E57 /* NSObject+MJCoding.m in Sources */,
				B9C36A50069E553B4B8538E291864BB5 /* NSObject+MJKeyValue.m in Sources */,
				CD4CF5F1389281BCE40DF30AD1945D03 /* NSObject+MJProperty.m in Sources */,
				D1D1F11808DACCA88C55636F85A58FD8 /* NSString+MJExtension.m in Sources */,
			);
			runOnlyForDeploymentPostprocessing = 0;
		};
		3D4A3823534C4B3DA8859987A90A82DA /* Sources */ = {
			isa = PBXSourcesBuildPhase;
			buildActionMask = 2147483647;
			files = (
				34296B1D716C4595E66F4C6A21F85C3A /* YYCache-dummy.m in Sources */,
				94A81EE54915679FB9040D189A1623E8 /* YYCache.m in Sources */,
				834D27A5146D479D5D661A7EFE9C7AB7 /* YYDiskCache.m in Sources */,
				23A5E9271CBCDBB4F63A7651AF41FB35 /* YYKVStorage.m in Sources */,
				B653A263538AF989D9FA0D65034FC0B8 /* YYMemoryCache.m in Sources */,
			);
			runOnlyForDeploymentPostprocessing = 0;
		};
		67167CA5B7431C5E7554FE6F3FF2A1DA /* Sources */ = {
			isa = PBXSourcesBuildPhase;
			buildActionMask = 2147483647;
			files = (
				FCED72F5909CC2068B59B01A293FCA39 /* PPNetworkCache.m in Sources */,
				54E839CDB45951CA9A9BA96CA95E35EF /* PPNetworkHelper-dummy.m in Sources */,
				26D1B4E9A5BC818E2ED741F71D9E411D /* PPNetworkHelper.m in Sources */,
			);
			runOnlyForDeploymentPostprocessing = 0;
		};
		DE0BAD758C6F291CE7E10DA077987C62 /* Sources */ = {
			isa = PBXSourcesBuildPhase;
			buildActionMask = 2147483647;
			files = (
				14CD3DFB4A25BAEFB205730FA6750025 /* AFAutoPurgingImageCache.m in Sources */,
				23415204AA48A02959E4E5245CF96037 /* AFHTTPSessionManager.m in Sources */,
				D31FEE51AF4BE2A6CC059F80B983CD3B /* AFImageDownloader.m in Sources */,
				4BA19F7DD8F9FDA648137B2CE89E7588 /* AFNetworkActivityIndicatorManager.m in Sources */,
				A8FC6A53F6C1CB4DEFD972664E1AF3B1 /* AFNetworking-dummy.m in Sources */,
				43098B12DF5546CB576986E68DBCAFCA /* AFNetworkReachabilityManager.m in Sources */,
				311E5200832E4AE174A193851A2C6317 /* AFSecurityPolicy.m in Sources */,
				8E82178CC9BD8BE3DBF2C10E33807AEB /* AFURLRequestSerialization.m in Sources */,
				C2201E34603B014192F0967473518496 /* AFURLResponseSerialization.m in Sources */,
				FCDDD3BC67EA205C87238A2A87D5C36C /* AFURLSessionManager.m in Sources */,
				15460ABD372C937E2A07A2FCDF98C473 /* UIActivityIndicatorView+AFNetworking.m in Sources */,
				78940A6980F359C4304C695EF6E67C5D /* UIButton+AFNetworking.m in Sources */,
				B0BE398350F83A7B0102C3BBAFC51428 /* UIImageView+AFNetworking.m in Sources */,
				38EEA9ED6B922946C54AD6BAC93B73AD /* UIProgressView+AFNetworking.m in Sources */,
				7F0578A0258E02384F6229C678E60D31 /* UIRefreshControl+AFNetworking.m in Sources */,
				AD359A96DD4AA2C962E50A5CD5524F54 /* UIWebView+AFNetworking.m in Sources */,
			);
			runOnlyForDeploymentPostprocessing = 0;
		};
		EC9D1AD857B5497CD48E9D26B012A9DC /* Sources */ = {
			isa = PBXSourcesBuildPhase;
			buildActionMask = 2147483647;
			files = (
				AD8E643E345B6CA5D0A6B45A3353ED1D /* Pods-netdemo1-dummy.m in Sources */,
			);
			runOnlyForDeploymentPostprocessing = 0;
		};
/* End PBXSourcesBuildPhase section */

/* Begin PBXTargetDependency section */
		17C8C01CF401C0F4B297EB535D01E482 /* PBXTargetDependency */ = {
			isa = PBXTargetDependency;
			name = MJExtension;
			target = 9EAB3E42EF957541E6C3C76D35FD008E /* MJExtension */;
			targetProxy = 49B6622718E038FD2A3CBF64ABABC703 /* PBXContainerItemProxy */;
		};
		2E7B2AD9952C7C68C09AB501B87E965B /* PBXTargetDependency */ = {
			isa = PBXTargetDependency;
			name = YYCache;
			target = 84EFE83F669ADA92DA1F46257C867C0B /* YYCache */;
			targetProxy = 6765841060CBCC0B7EC598F0B5EFD5FB /* PBXContainerItemProxy */;
		};
		4A4745ABF99188F48B8E9FC9EA862290 /* PBXTargetDependency */ = {
			isa = PBXTargetDependency;
			name = YYCache;
			target = 84EFE83F669ADA92DA1F46257C867C0B /* YYCache */;
			targetProxy = 53736F4CBAFF7534A57E546F809B0C9A /* PBXContainerItemProxy */;
		};
		9F2BD1A5431CEF91C5BC8D1BF4463EB1 /* PBXTargetDependency */ = {
			isa = PBXTargetDependency;
			name = AFNetworking;
			target = 928353533005A4198EBDA5B700D37B64 /* AFNetworking */;
			targetProxy = 689D33DE8A0B641F884030F925633292 /* PBXContainerItemProxy */;
		};
		D4E3D8B7B6E8926ED0EC96A6E3D4BC3C /* PBXTargetDependency */ = {
			isa = PBXTargetDependency;
			name = PPNetworkHelper;
			target = BF28721BD10BF6B6EA4C5BCF7ECB32D3 /* PPNetworkHelper */;
			targetProxy = 3E22BFD7A85AE924EAE74C3619046BA0 /* PBXContainerItemProxy */;
		};
		ED844A162A14FF2E20855AF7110998B5 /* PBXTargetDependency */ = {
			isa = PBXTargetDependency;
			name = AFNetworking;
			target = 928353533005A4198EBDA5B700D37B64 /* AFNetworking */;
			targetProxy = EFC4DEA4345348B9BB4556EE6F0AEA35 /* PBXContainerItemProxy */;
		};
/* End PBXTargetDependency section */

/* Begin XCBuildConfiguration section */
		08360663351908F19178E750EBDF9826 /* Debug */ = {
			isa = XCBuildConfiguration;
			baseConfigurationReference = 12FD4E40DAE0957BB77151A3B6F7A903 /* Pods-netdemo1.debug.xcconfig */;
			buildSettings = {
				"CODE_SIGN_IDENTITY[sdk=iphoneos*]" = "iPhone Developer";
				DEBUG_INFORMATION_FORMAT = dwarf;
				ENABLE_STRICT_OBJC_MSGSEND = YES;
				GCC_NO_COMMON_BLOCKS = YES;
				IPHONEOS_DEPLOYMENT_TARGET = 8.0;
				MACH_O_TYPE = staticlib;
				MTL_ENABLE_DEBUG_INFO = YES;
				OTHER_LDFLAGS = "";
				OTHER_LIBTOOLFLAGS = "";
				PODS_ROOT = "$(SRCROOT)";
				PRODUCT_BUNDLE_IDENTIFIER = "org.cocoapods.${PRODUCT_NAME:rfc1034identifier}";
				PRODUCT_NAME = "$(TARGET_NAME)";
				SDKROOT = iphoneos;
				SKIP_INSTALL = YES;
			};
			name = Debug;
		};
		11BADCA95B138F60CE4F8F4DA2659BB1 /* Release */ = {
			isa = XCBuildConfiguration;
			baseConfigurationReference = 2F356FB72C9459245BE8EB181CDBC026 /* YYCache.xcconfig */;
			buildSettings = {
				"CODE_SIGN_IDENTITY[sdk=iphoneos*]" = "iPhone Developer";
				DEBUG_INFORMATION_FORMAT = "dwarf-with-dsym";
				ENABLE_STRICT_OBJC_MSGSEND = YES;
				GCC_NO_COMMON_BLOCKS = YES;
				GCC_PREFIX_HEADER = "Target Support Files/YYCache/YYCache-prefix.pch";
				IPHONEOS_DEPLOYMENT_TARGET = 6.0;
				MTL_ENABLE_DEBUG_INFO = NO;
				OTHER_LDFLAGS = "";
				OTHER_LIBTOOLFLAGS = "";
				PRIVATE_HEADERS_FOLDER_PATH = "";
				PRODUCT_NAME = "$(TARGET_NAME)";
				PUBLIC_HEADERS_FOLDER_PATH = "";
				SDKROOT = iphoneos;
				SKIP_INSTALL = YES;
			};
			name = Release;
		};
		1F1DDFE462F32F286E8906059200C22B /* Debug */ = {
			isa = XCBuildConfiguration;
			baseConfigurationReference = 2F356FB72C9459245BE8EB181CDBC026 /* YYCache.xcconfig */;
			buildSettings = {
				"CODE_SIGN_IDENTITY[sdk=iphoneos*]" = "iPhone Developer";
				DEBUG_INFORMATION_FORMAT = dwarf;
				ENABLE_STRICT_OBJC_MSGSEND = YES;
				GCC_NO_COMMON_BLOCKS = YES;
				GCC_PREFIX_HEADER = "Target Support Files/YYCache/YYCache-prefix.pch";
				IPHONEOS_DEPLOYMENT_TARGET = 6.0;
				MTL_ENABLE_DEBUG_INFO = YES;
				OTHER_LDFLAGS = "";
				OTHER_LIBTOOLFLAGS = "";
				PRIVATE_HEADERS_FOLDER_PATH = "";
				PRODUCT_NAME = "$(TARGET_NAME)";
				PUBLIC_HEADERS_FOLDER_PATH = "";
				SDKROOT = iphoneos;
				SKIP_INSTALL = YES;
			};
			name = Debug;
		};
		3C51C0C1DF1AF101E0EF749B8E660489 /* Release */ = {
			isa = XCBuildConfiguration;
			baseConfigurationReference = BB8E8422C614FD0ED3A173035D83278E /* AFNetworking.xcconfig */;
			buildSettings = {
				"CODE_SIGN_IDENTITY[sdk=iphoneos*]" = "iPhone Developer";
				DEBUG_INFORMATION_FORMAT = "dwarf-with-dsym";
				ENABLE_STRICT_OBJC_MSGSEND = YES;
				GCC_NO_COMMON_BLOCKS = YES;
				GCC_PREFIX_HEADER = "Target Support Files/AFNetworking/AFNetworking-prefix.pch";
				IPHONEOS_DEPLOYMENT_TARGET = 7.0;
				MTL_ENABLE_DEBUG_INFO = NO;
				OTHER_LDFLAGS = "";
				OTHER_LIBTOOLFLAGS = "";
				PRIVATE_HEADERS_FOLDER_PATH = "";
				PRODUCT_NAME = "$(TARGET_NAME)";
				PUBLIC_HEADERS_FOLDER_PATH = "";
				SDKROOT = iphoneos;
				SKIP_INSTALL = YES;
			};
			name = Release;
		};
		45DD5BDE2CB2B1AD08998AC448C7F952 /* Debug */ = {
			isa = XCBuildConfiguration;
			baseConfigurationReference = CFB497DB459551FC1ADBF315E067250D /* PPNetworkHelper.xcconfig */;
			buildSettings = {
				"CODE_SIGN_IDENTITY[sdk=iphoneos*]" = "iPhone Developer";
				DEBUG_INFORMATION_FORMAT = dwarf;
				ENABLE_STRICT_OBJC_MSGSEND = YES;
				GCC_NO_COMMON_BLOCKS = YES;
				GCC_PREFIX_HEADER = "Target Support Files/PPNetworkHelper/PPNetworkHelper-prefix.pch";
				IPHONEOS_DEPLOYMENT_TARGET = 7.0;
				MTL_ENABLE_DEBUG_INFO = YES;
				OTHER_LDFLAGS = "";
				OTHER_LIBTOOLFLAGS = "";
				PRIVATE_HEADERS_FOLDER_PATH = "";
				PRODUCT_NAME = "$(TARGET_NAME)";
				PUBLIC_HEADERS_FOLDER_PATH = "";
				SDKROOT = iphoneos;
				SKIP_INSTALL = YES;
			};
			name = Debug;
		};
		47BEF9D903506B003EA5C2B249729489 /* Debug */ = {
			isa = XCBuildConfiguration;
			buildSettings = {
				ALWAYS_SEARCH_USER_PATHS = NO;
				CLANG_ANALYZER_NONNULL = YES;
				CLANG_CXX_LANGUAGE_STANDARD = "gnu++0x";
				CLANG_CXX_LIBRARY = "libc++";
				CLANG_ENABLE_MODULES = YES;
				CLANG_ENABLE_OBJC_ARC = YES;
				CLANG_WARN_BOOL_CONVERSION = YES;
				CLANG_WARN_CONSTANT_CONVERSION = YES;
				CLANG_WARN_DIRECT_OBJC_ISA_USAGE = YES;
				CLANG_WARN_EMPTY_BODY = YES;
				CLANG_WARN_ENUM_CONVERSION = YES;
				CLANG_WARN_INT_CONVERSION = YES;
				CLANG_WARN_OBJC_ROOT_CLASS = YES;
				CLANG_WARN_UNREACHABLE_CODE = YES;
				CLANG_WARN__DUPLICATE_METHOD_MATCH = YES;
				COPY_PHASE_STRIP = NO;
				ENABLE_TESTABILITY = YES;
				GCC_C_LANGUAGE_STANDARD = gnu99;
				GCC_DYNAMIC_NO_PIC = NO;
				GCC_OPTIMIZATION_LEVEL = 0;
				GCC_PREPROCESSOR_DEFINITIONS = (
					"POD_CONFIGURATION_DEBUG=1",
					"DEBUG=1",
					"$(inherited)",
				);
				GCC_SYMBOLS_PRIVATE_EXTERN = NO;
				GCC_WARN_64_TO_32_BIT_CONVERSION = YES;
				GCC_WARN_ABOUT_RETURN_TYPE = YES;
				GCC_WARN_UNDECLARED_SELECTOR = YES;
				GCC_WARN_UNINITIALIZED_AUTOS = YES;
				GCC_WARN_UNUSED_FUNCTION = YES;
				GCC_WARN_UNUSED_VARIABLE = YES;
				IPHONEOS_DEPLOYMENT_TARGET = 8.0;
				ONLY_ACTIVE_ARCH = YES;
				STRIP_INSTALLED_PRODUCT = NO;
				SYMROOT = "${SRCROOT}/../build";
			};
			name = Debug;
		};
		800747EF66B0C20BF7E910615D4A7AAC /* Release */ = {
			isa = XCBuildConfiguration;
			baseConfigurationReference = AC2BB743073EB713E0CB7BF830CE3A97 /* Pods-netdemo1.release.xcconfig */;
			buildSettings = {
				"CODE_SIGN_IDENTITY[sdk=iphoneos*]" = "iPhone Developer";
				DEBUG_INFORMATION_FORMAT = "dwarf-with-dsym";
				ENABLE_STRICT_OBJC_MSGSEND = YES;
				GCC_NO_COMMON_BLOCKS = YES;
				IPHONEOS_DEPLOYMENT_TARGET = 8.0;
				MACH_O_TYPE = staticlib;
				MTL_ENABLE_DEBUG_INFO = NO;
				OTHER_LDFLAGS = "";
				OTHER_LIBTOOLFLAGS = "";
				PODS_ROOT = "$(SRCROOT)";
				PRODUCT_BUNDLE_IDENTIFIER = "org.cocoapods.${PRODUCT_NAME:rfc1034identifier}";
				PRODUCT_NAME = "$(TARGET_NAME)";
				SDKROOT = iphoneos;
				SKIP_INSTALL = YES;
			};
			name = Release;
		};
		99E4742C71374C30BEFC8419CF7F39B6 /* Release */ = {
			isa = XCBuildConfiguration;
			baseConfigurationReference = 74841D7B4959DAC8DCFD4A2A89C5DE27 /* MJExtension.xcconfig */;
			buildSettings = {
				"CODE_SIGN_IDENTITY[sdk=iphoneos*]" = "iPhone Developer";
				DEBUG_INFORMATION_FORMAT = "dwarf-with-dsym";
				ENABLE_STRICT_OBJC_MSGSEND = YES;
				GCC_NO_COMMON_BLOCKS = YES;
				GCC_PREFIX_HEADER = "Target Support Files/MJExtension/MJExtension-prefix.pch";
				IPHONEOS_DEPLOYMENT_TARGET = 6.0;
				MTL_ENABLE_DEBUG_INFO = NO;
				OTHER_LDFLAGS = "";
				OTHER_LIBTOOLFLAGS = "";
				PRIVATE_HEADERS_FOLDER_PATH = "";
				PRODUCT_NAME = "$(TARGET_NAME)";
				PUBLIC_HEADERS_FOLDER_PATH = "";
				SDKROOT = iphoneos;
				SKIP_INSTALL = YES;
			};
			name = Release;
		};
		AAF678CED40D3499169D10F63CA0719E /* Release */ = {
			isa = XCBuildConfiguration;
			buildSettings = {
				ALWAYS_SEARCH_USER_PATHS = NO;
				CLANG_ANALYZER_NONNULL = YES;
				CLANG_CXX_LANGUAGE_STANDARD = "gnu++0x";
				CLANG_CXX_LIBRARY = "libc++";
				CLANG_ENABLE_MODULES = YES;
				CLANG_ENABLE_OBJC_ARC = YES;
				CLANG_WARN_BOOL_CONVERSION = YES;
				CLANG_WARN_CONSTANT_CONVERSION = YES;
				CLANG_WARN_DIRECT_OBJC_ISA_USAGE = YES;
				CLANG_WARN_EMPTY_BODY = YES;
				CLANG_WARN_ENUM_CONVERSION = YES;
				CLANG_WARN_INT_CONVERSION = YES;
				CLANG_WARN_OBJC_ROOT_CLASS = YES;
				CLANG_WARN_UNREACHABLE_CODE = YES;
				CLANG_WARN__DUPLICATE_METHOD_MATCH = YES;
				COPY_PHASE_STRIP = YES;
				ENABLE_NS_ASSERTIONS = NO;
				GCC_C_LANGUAGE_STANDARD = gnu99;
				GCC_PREPROCESSOR_DEFINITIONS = (
					"POD_CONFIGURATION_RELEASE=1",
					"$(inherited)",
				);
				GCC_WARN_64_TO_32_BIT_CONVERSION = YES;
				GCC_WARN_ABOUT_RETURN_TYPE = YES;
				GCC_WARN_UNDECLARED_SELECTOR = YES;
				GCC_WARN_UNINITIALIZED_AUTOS = YES;
				GCC_WARN_UNUSED_FUNCTION = YES;
				GCC_WARN_UNUSED_VARIABLE = YES;
				IPHONEOS_DEPLOYMENT_TARGET = 8.0;
				STRIP_INSTALLED_PRODUCT = NO;
				SYMROOT = "${SRCROOT}/../build";
				VALIDATE_PRODUCT = YES;
			};
			name = Release;
		};
		B6FEC5AF7FBDE0969048805D31EFAAD1 /* Release */ = {
			isa = XCBuildConfiguration;
			baseConfigurationReference = CFB497DB459551FC1ADBF315E067250D /* PPNetworkHelper.xcconfig */;
			buildSettings = {
				"CODE_SIGN_IDENTITY[sdk=iphoneos*]" = "iPhone Developer";
				DEBUG_INFORMATION_FORMAT = "dwarf-with-dsym";
				ENABLE_STRICT_OBJC_MSGSEND = YES;
				GCC_NO_COMMON_BLOCKS = YES;
				GCC_PREFIX_HEADER = "Target Support Files/PPNetworkHelper/PPNetworkHelper-prefix.pch";
				IPHONEOS_DEPLOYMENT_TARGET = 7.0;
				MTL_ENABLE_DEBUG_INFO = NO;
				OTHER_LDFLAGS = "";
				OTHER_LIBTOOLFLAGS = "";
				PRIVATE_HEADERS_FOLDER_PATH = "";
				PRODUCT_NAME = "$(TARGET_NAME)";
				PUBLIC_HEADERS_FOLDER_PATH = "";
				SDKROOT = iphoneos;
				SKIP_INSTALL = YES;
			};
			name = Release;
		};
		D9C97EB576CE94D4E00FD675005D2868 /* Debug */ = {
			isa = XCBuildConfiguration;
			baseConfigurationReference = BB8E8422C614FD0ED3A173035D83278E /* AFNetworking.xcconfig */;
			buildSettings = {
				"CODE_SIGN_IDENTITY[sdk=iphoneos*]" = "iPhone Developer";
				DEBUG_INFORMATION_FORMAT = dwarf;
				ENABLE_STRICT_OBJC_MSGSEND = YES;
				GCC_NO_COMMON_BLOCKS = YES;
				GCC_PREFIX_HEADER = "Target Support Files/AFNetworking/AFNetworking-prefix.pch";
				IPHONEOS_DEPLOYMENT_TARGET = 7.0;
				MTL_ENABLE_DEBUG_INFO = YES;
				OTHER_LDFLAGS = "";
				OTHER_LIBTOOLFLAGS = "";
				PRIVATE_HEADERS_FOLDER_PATH = "";
				PRODUCT_NAME = "$(TARGET_NAME)";
				PUBLIC_HEADERS_FOLDER_PATH = "";
				SDKROOT = iphoneos;
				SKIP_INSTALL = YES;
			};
			name = Debug;
		};
		DEF77D0713347E4939E127602F325659 /* Debug */ = {
			isa = XCBuildConfiguration;
			baseConfigurationReference = 74841D7B4959DAC8DCFD4A2A89C5DE27 /* MJExtension.xcconfig */;
			buildSettings = {
				"CODE_SIGN_IDENTITY[sdk=iphoneos*]" = "iPhone Developer";
				DEBUG_INFORMATION_FORMAT = dwarf;
				ENABLE_STRICT_OBJC_MSGSEND = YES;
				GCC_NO_COMMON_BLOCKS = YES;
				GCC_PREFIX_HEADER = "Target Support Files/MJExtension/MJExtension-prefix.pch";
				IPHONEOS_DEPLOYMENT_TARGET = 6.0;
				MTL_ENABLE_DEBUG_INFO = YES;
				OTHER_LDFLAGS = "";
				OTHER_LIBTOOLFLAGS = "";
				PRIVATE_HEADERS_FOLDER_PATH = "";
				PRODUCT_NAME = "$(TARGET_NAME)";
				PUBLIC_HEADERS_FOLDER_PATH = "";
				SDKROOT = iphoneos;
				SKIP_INSTALL = YES;
			};
			name = Debug;
		};
/* End XCBuildConfiguration section */

/* Begin XCConfigurationList section */
		2558755770D0990E9BAEA67A56D8E509 /* Build configuration list for PBXNativeTarget "Pods-netdemo1" */ = {
			isa = XCConfigurationList;
			buildConfigurations = (
				08360663351908F19178E750EBDF9826 /* Debug */,
				800747EF66B0C20BF7E910615D4A7AAC /* Release */,
			);
			defaultConfigurationIsVisible = 0;
			defaultConfigurationName = Release;
		};
		2D8E8EC45A3A1A1D94AE762CB5028504 /* Build configuration list for PBXProject "Pods" */ = {
			isa = XCConfigurationList;
			buildConfigurations = (
				47BEF9D903506B003EA5C2B249729489 /* Debug */,
				AAF678CED40D3499169D10F63CA0719E /* Release */,
			);
			defaultConfigurationIsVisible = 0;
			defaultConfigurationName = Release;
		};
		6681CFA04D53595BF686111F7BB6D6D7 /* Build configuration list for PBXNativeTarget "PPNetworkHelper" */ = {
			isa = XCConfigurationList;
			buildConfigurations = (
				45DD5BDE2CB2B1AD08998AC448C7F952 /* Debug */,
				B6FEC5AF7FBDE0969048805D31EFAAD1 /* Release */,
			);
			defaultConfigurationIsVisible = 0;
			defaultConfigurationName = Release;
		};
		77CF2A7107BC61A2E90025871305961D /* Build configuration list for PBXNativeTarget "AFNetworking" */ = {
			isa = XCConfigurationList;
			buildConfigurations = (
				D9C97EB576CE94D4E00FD675005D2868 /* Debug */,
				3C51C0C1DF1AF101E0EF749B8E660489 /* Release */,
			);
			defaultConfigurationIsVisible = 0;
			defaultConfigurationName = Release;
		};
		ECCC06F4F1551987F0834A094FDCB1CA /* Build configuration list for PBXNativeTarget "MJExtension" */ = {
			isa = XCConfigurationList;
			buildConfigurations = (
				DEF77D0713347E4939E127602F325659 /* Debug */,
				99E4742C71374C30BEFC8419CF7F39B6 /* Release */,
			);
			defaultConfigurationIsVisible = 0;
			defaultConfigurationName = Release;
		};
		F0BA2A21520E3E391CFD060F8F5EE376 /* Build configuration list for PBXNativeTarget "YYCache" */ = {
			isa = XCConfigurationList;
			buildConfigurations = (
				1F1DDFE462F32F286E8906059200C22B /* Debug */,
				11BADCA95B138F60CE4F8F4DA2659BB1 /* Release */,
			);
			defaultConfigurationIsVisible = 0;
			defaultConfigurationName = Release;
		};
/* End XCConfigurationList section */
	};
	rootObject = D41D8CD98F00B204E9800998ECF8427E /* Project object */;
}
